// !$*UTF8*$!
{
	archiveVersion = 1;
	classes = {
	};
	objectVersion = 50;
	objects = {

/* Begin PBXBuildFile section */
		385C53AF2171E5F1000B4A00 /* XHLiveViewController.mm in Sources */ = {isa = PBXBuildFile; fileRef = 385C53AE2171E5F1000B4A00 /* XHLiveViewController.mm */; };
		385C53B22171E68F000B4A00 /* XHLiveEvent.mm in Sources */ = {isa = PBXBuildFile; fileRef = 385C53B12171E68F000B4A00 /* XHLiveEvent.mm */; };
		385C53B72171E867000B4A00 /* FHTRootContainer.m in Sources */ = {isa = PBXBuildFile; fileRef = 385C53B62171E867000B4A00 /* FHTRootContainer.m */; };
		385C53BF2171EDA5000B4A00 /* XHAPI.m in Sources */ = {isa = PBXBuildFile; fileRef = 385C53BE2171EDA5000B4A00 /* XHAPI.m */; };
		385C53C221730197000B4A00 /* XHJSON.m in Sources */ = {isa = PBXBuildFile; fileRef = 385C53C121730197000B4A00 /* XHJSON.m */; };
		385C53C521730258000B4A00 /* XHAPIResult.m in Sources */ = {isa = PBXBuildFile; fileRef = 385C53C421730258000B4A00 /* XHAPIResult.m */; };
		385C53C821730619000B4A00 /* XHAPI+API.m in Sources */ = {isa = PBXBuildFile; fileRef = 385C53C721730619000B4A00 /* XHAPI+API.m */; };
		385C53CC217313ED000B4A00 /* LoginViewController.m in Sources */ = {isa = PBXBuildFile; fileRef = 385C53CB217313ED000B4A00 /* LoginViewController.m */; };
		385C53D02173167D000B4A00 /* UIViewController+ChildController.m in Sources */ = {isa = PBXBuildFile; fileRef = 385C53CF2173167D000B4A00 /* UIViewController+ChildController.m */; };
		385C53D3217318C9000B4A00 /* UIView+Space.m in Sources */ = {isa = PBXBuildFile; fileRef = 385C53D2217318C9000B4A00 /* UIView+Space.m */; };
		385C53D621732515000B4A00 /* RegisterViewController.m in Sources */ = {isa = PBXBuildFile; fileRef = 385C53D521732515000B4A00 /* RegisterViewController.m */; };
		385C53DA2173254C000B4A00 /* XHNavigationController.m in Sources */ = {isa = PBXBuildFile; fileRef = 385C53D92173254C000B4A00 /* XHNavigationController.m */; };
		385C53DD2173256C000B4A00 /* XHNavigationBarController.m in Sources */ = {isa = PBXBuildFile; fileRef = 385C53DC2173256C000B4A00 /* XHNavigationBarController.m */; };
		385C53E1217325A2000B4A00 /* XHNavigationBar.m in Sources */ = {isa = PBXBuildFile; fileRef = 385C53E0217325A2000B4A00 /* XHNavigationBar.m */; };
		385C53E42173270D000B4A00 /* XHSafeNavigationBar.m in Sources */ = {isa = PBXBuildFile; fileRef = 385C53E32173270D000B4A00 /* XHSafeNavigationBar.m */; };
		385C53E821732A40000B4A00 /* UITextField+Landing.m in Sources */ = {isa = PBXBuildFile; fileRef = 385C53E721732A40000B4A00 /* UITextField+Landing.m */; };
		385C53EE21732C17000B4A00 /* UIButton+Landing.m in Sources */ = {isa = PBXBuildFile; fileRef = 385C53ED21732C17000B4A00 /* UIButton+Landing.m */; };
		385C53F121733231000B4A00 /* XHKeyboardObserver.m in Sources */ = {isa = PBXBuildFile; fileRef = 385C53F021733231000B4A00 /* XHKeyboardObserver.m */; };
		385C53F421733847000B4A00 /* ResetPassworViewController.m in Sources */ = {isa = PBXBuildFile; fileRef = 385C53F321733847000B4A00 /* ResetPassworViewController.m */; };
		385C53FB21776CC8000B4A00 /* MainViewController.m in Sources */ = {isa = PBXBuildFile; fileRef = 385C53FA21776CC8000B4A00 /* MainViewController.m */; };
		385C53FF21776CEF000B4A00 /* UIColor+Style.m in Sources */ = {isa = PBXBuildFile; fileRef = 385C53FE21776CEF000B4A00 /* UIColor+Style.m */; };
		385C54022177764E000B4A00 /* LeftViewController.m in Sources */ = {isa = PBXBuildFile; fileRef = 385C54012177764E000B4A00 /* LeftViewController.m */; };
		385C54062177767E000B4A00 /* LeftHeaderView.m in Sources */ = {isa = PBXBuildFile; fileRef = 385C54052177767E000B4A00 /* LeftHeaderView.m */; };
		385C540A2177780B000B4A00 /* LeftViewDeviceCell.m in Sources */ = {isa = PBXBuildFile; fileRef = 385C54092177780B000B4A00 /* LeftViewDeviceCell.m */; };
		385C540D2177783C000B4A00 /* LeftViewBindCell.m in Sources */ = {isa = PBXBuildFile; fileRef = 385C540C2177783C000B4A00 /* LeftViewBindCell.m */; };
		385C541021777C8A000B4A00 /* LeftViewCell.m in Sources */ = {isa = PBXBuildFile; fileRef = 385C540F21777C8A000B4A00 /* LeftViewCell.m */; };
		A5E1F817216B30CD007F398E /* AppDelegate.m in Sources */ = {isa = PBXBuildFile; fileRef = A5E1F816216B30CD007F398E /* AppDelegate.m */; };
		A5E1F81F216B30D8007F398E /* Assets.xcassets in Resources */ = {isa = PBXBuildFile; fileRef = A5E1F81E216B30D8007F398E /* Assets.xcassets */; };
		A5E1F822216B30D8007F398E /* LaunchScreen.storyboard in Resources */ = {isa = PBXBuildFile; fileRef = A5E1F820216B30D8007F398E /* LaunchScreen.storyboard */; };
		A5E1F825216B30D8007F398E /* main.m in Sources */ = {isa = PBXBuildFile; fileRef = A5E1F824216B30D8007F398E /* main.m */; };
		F1506B918B40F8A332AECDA1 /* libPods-LaoRenJi.a in Frameworks */ = {isa = PBXBuildFile; fileRef = EA4298DB4C4A4E59D63E661D /* libPods-LaoRenJi.a */; };
/* End PBXBuildFile section */

/* Begin PBXFileReference section */
		385C53AD2171E5F1000B4A00 /* XHLiveViewController.h */ = {isa = PBXFileReference; lastKnownFileType = sourcecode.c.h; path = XHLiveViewController.h; sourceTree = "<group>"; };
		385C53AE2171E5F1000B4A00 /* XHLiveViewController.mm */ = {isa = PBXFileReference; lastKnownFileType = sourcecode.cpp.objcpp; path = XHLiveViewController.mm; sourceTree = "<group>"; };
		385C53B02171E68F000B4A00 /* XHLiveEvent.h */ = {isa = PBXFileReference; lastKnownFileType = sourcecode.c.h; path = XHLiveEvent.h; sourceTree = "<group>"; };
		385C53B12171E68F000B4A00 /* XHLiveEvent.mm */ = {isa = PBXFileReference; lastKnownFileType = sourcecode.cpp.objcpp; path = XHLiveEvent.mm; sourceTree = "<group>"; };
		385C53B52171E867000B4A00 /* FHTRootContainer.h */ = {isa = PBXFileReference; lastKnownFileType = sourcecode.c.h; path = FHTRootContainer.h; sourceTree = "<group>"; };
		385C53B62171E867000B4A00 /* FHTRootContainer.m */ = {isa = PBXFileReference; lastKnownFileType = sourcecode.c.objc; path = FHTRootContainer.m; sourceTree = "<group>"; };
		385C53BC2171ED74000B4A00 /* PrefixHeader.pch */ = {isa = PBXFileReference; lastKnownFileType = sourcecode.c.h; path = PrefixHeader.pch; sourceTree = "<group>"; };
		385C53BD2171EDA5000B4A00 /* XHAPI.h */ = {isa = PBXFileReference; lastKnownFileType = sourcecode.c.h; path = XHAPI.h; sourceTree = "<group>"; };
		385C53BE2171EDA5000B4A00 /* XHAPI.m */ = {isa = PBXFileReference; lastKnownFileType = sourcecode.c.objc; path = XHAPI.m; sourceTree = "<group>"; };
		385C53C021730197000B4A00 /* XHJSON.h */ = {isa = PBXFileReference; lastKnownFileType = sourcecode.c.h; path = XHJSON.h; sourceTree = "<group>"; };
		385C53C121730197000B4A00 /* XHJSON.m */ = {isa = PBXFileReference; lastKnownFileType = sourcecode.c.objc; path = XHJSON.m; sourceTree = "<group>"; };
		385C53C321730258000B4A00 /* XHAPIResult.h */ = {isa = PBXFileReference; lastKnownFileType = sourcecode.c.h; path = XHAPIResult.h; sourceTree = "<group>"; };
		385C53C421730258000B4A00 /* XHAPIResult.m */ = {isa = PBXFileReference; lastKnownFileType = sourcecode.c.objc; path = XHAPIResult.m; sourceTree = "<group>"; };
		385C53C621730619000B4A00 /* XHAPI+API.h */ = {isa = PBXFileReference; lastKnownFileType = sourcecode.c.h; path = "XHAPI+API.h"; sourceTree = "<group>"; };
		385C53C721730619000B4A00 /* XHAPI+API.m */ = {isa = PBXFileReference; lastKnownFileType = sourcecode.c.objc; path = "XHAPI+API.m"; sourceTree = "<group>"; };
		385C53CA217313ED000B4A00 /* LoginViewController.h */ = {isa = PBXFileReference; lastKnownFileType = sourcecode.c.h; path = LoginViewController.h; sourceTree = "<group>"; };
		385C53CB217313ED000B4A00 /* LoginViewController.m */ = {isa = PBXFileReference; lastKnownFileType = sourcecode.c.objc; path = LoginViewController.m; sourceTree = "<group>"; };
		385C53CE2173167D000B4A00 /* UIViewController+ChildController.h */ = {isa = PBXFileReference; fileEncoding = 4; lastKnownFileType = sourcecode.c.h; path = "UIViewController+ChildController.h"; sourceTree = "<group>"; };
		385C53CF2173167D000B4A00 /* UIViewController+ChildController.m */ = {isa = PBXFileReference; fileEncoding = 4; lastKnownFileType = sourcecode.c.objc; path = "UIViewController+ChildController.m"; sourceTree = "<group>"; };
		385C53D1217318C9000B4A00 /* UIView+Space.h */ = {isa = PBXFileReference; fileEncoding = 4; lastKnownFileType = sourcecode.c.h; path = "UIView+Space.h"; sourceTree = "<group>"; };
		385C53D2217318C9000B4A00 /* UIView+Space.m */ = {isa = PBXFileReference; fileEncoding = 4; lastKnownFileType = sourcecode.c.objc; path = "UIView+Space.m"; sourceTree = "<group>"; };
		385C53D421732515000B4A00 /* RegisterViewController.h */ = {isa = PBXFileReference; lastKnownFileType = sourcecode.c.h; path = RegisterViewController.h; sourceTree = "<group>"; };
		385C53D521732515000B4A00 /* RegisterViewController.m */ = {isa = PBXFileReference; lastKnownFileType = sourcecode.c.objc; path = RegisterViewController.m; sourceTree = "<group>"; };
		385C53D82173254C000B4A00 /* XHNavigationController.h */ = {isa = PBXFileReference; lastKnownFileType = sourcecode.c.h; path = XHNavigationController.h; sourceTree = "<group>"; };
		385C53D92173254C000B4A00 /* XHNavigationController.m */ = {isa = PBXFileReference; lastKnownFileType = sourcecode.c.objc; path = XHNavigationController.m; sourceTree = "<group>"; };
		385C53DB2173256C000B4A00 /* XHNavigationBarController.h */ = {isa = PBXFileReference; lastKnownFileType = sourcecode.c.h; path = XHNavigationBarController.h; sourceTree = "<group>"; };
		385C53DC2173256C000B4A00 /* XHNavigationBarController.m */ = {isa = PBXFileReference; lastKnownFileType = sourcecode.c.objc; path = XHNavigationBarController.m; sourceTree = "<group>"; };
		385C53DF217325A2000B4A00 /* XHNavigationBar.h */ = {isa = PBXFileReference; lastKnownFileType = sourcecode.c.h; path = XHNavigationBar.h; sourceTree = "<group>"; };
		385C53E0217325A2000B4A00 /* XHNavigationBar.m */ = {isa = PBXFileReference; lastKnownFileType = sourcecode.c.objc; path = XHNavigationBar.m; sourceTree = "<group>"; };
		385C53E22173270D000B4A00 /* XHSafeNavigationBar.h */ = {isa = PBXFileReference; lastKnownFileType = sourcecode.c.h; path = XHSafeNavigationBar.h; sourceTree = "<group>"; };
		385C53E32173270D000B4A00 /* XHSafeNavigationBar.m */ = {isa = PBXFileReference; lastKnownFileType = sourcecode.c.objc; path = XHSafeNavigationBar.m; sourceTree = "<group>"; };
		385C53E621732A40000B4A00 /* UITextField+Landing.h */ = {isa = PBXFileReference; lastKnownFileType = sourcecode.c.h; path = "UITextField+Landing.h"; sourceTree = "<group>"; };
		385C53E721732A40000B4A00 /* UITextField+Landing.m */ = {isa = PBXFileReference; lastKnownFileType = sourcecode.c.objc; path = "UITextField+Landing.m"; sourceTree = "<group>"; };
		385C53EC21732C17000B4A00 /* UIButton+Landing.h */ = {isa = PBXFileReference; lastKnownFileType = sourcecode.c.h; path = "UIButton+Landing.h"; sourceTree = "<group>"; };
		385C53ED21732C17000B4A00 /* UIButton+Landing.m */ = {isa = PBXFileReference; lastKnownFileType = sourcecode.c.objc; path = "UIButton+Landing.m"; sourceTree = "<group>"; };
		385C53EF21733231000B4A00 /* XHKeyboardObserver.h */ = {isa = PBXFileReference; lastKnownFileType = sourcecode.c.h; path = XHKeyboardObserver.h; sourceTree = "<group>"; };
		385C53F021733231000B4A00 /* XHKeyboardObserver.m */ = {isa = PBXFileReference; lastKnownFileType = sourcecode.c.objc; path = XHKeyboardObserver.m; sourceTree = "<group>"; };
		385C53F221733847000B4A00 /* ResetPassworViewController.h */ = {isa = PBXFileReference; lastKnownFileType = sourcecode.c.h; path = ResetPassworViewController.h; sourceTree = "<group>"; };
		385C53F321733847000B4A00 /* ResetPassworViewController.m */ = {isa = PBXFileReference; lastKnownFileType = sourcecode.c.objc; path = ResetPassworViewController.m; sourceTree = "<group>"; };
		385C53F921776CC8000B4A00 /* MainViewController.h */ = {isa = PBXFileReference; lastKnownFileType = sourcecode.c.h; path = MainViewController.h; sourceTree = "<group>"; };
		385C53FA21776CC8000B4A00 /* MainViewController.m */ = {isa = PBXFileReference; lastKnownFileType = sourcecode.c.objc; path = MainViewController.m; sourceTree = "<group>"; };
		385C53FD21776CEF000B4A00 /* UIColor+Style.h */ = {isa = PBXFileReference; lastKnownFileType = sourcecode.c.h; path = "UIColor+Style.h"; sourceTree = "<group>"; };
		385C53FE21776CEF000B4A00 /* UIColor+Style.m */ = {isa = PBXFileReference; lastKnownFileType = sourcecode.c.objc; path = "UIColor+Style.m"; sourceTree = "<group>"; };
		385C54002177764E000B4A00 /* LeftViewController.h */ = {isa = PBXFileReference; lastKnownFileType = sourcecode.c.h; path = LeftViewController.h; sourceTree = "<group>"; };
		385C54012177764E000B4A00 /* LeftViewController.m */ = {isa = PBXFileReference; lastKnownFileType = sourcecode.c.objc; path = LeftViewController.m; sourceTree = "<group>"; };
		385C54042177767E000B4A00 /* LeftHeaderView.h */ = {isa = PBXFileReference; lastKnownFileType = sourcecode.c.h; path = LeftHeaderView.h; sourceTree = "<group>"; };
		385C54052177767E000B4A00 /* LeftHeaderView.m */ = {isa = PBXFileReference; lastKnownFileType = sourcecode.c.objc; path = LeftHeaderView.m; sourceTree = "<group>"; };
		385C54082177780B000B4A00 /* LeftViewDeviceCell.h */ = {isa = PBXFileReference; lastKnownFileType = sourcecode.c.h; path = LeftViewDeviceCell.h; sourceTree = "<group>"; };
		385C54092177780B000B4A00 /* LeftViewDeviceCell.m */ = {isa = PBXFileReference; lastKnownFileType = sourcecode.c.objc; path = LeftViewDeviceCell.m; sourceTree = "<group>"; };
		385C540B2177783C000B4A00 /* LeftViewBindCell.h */ = {isa = PBXFileReference; lastKnownFileType = sourcecode.c.h; path = LeftViewBindCell.h; sourceTree = "<group>"; };
		385C540C2177783C000B4A00 /* LeftViewBindCell.m */ = {isa = PBXFileReference; lastKnownFileType = sourcecode.c.objc; path = LeftViewBindCell.m; sourceTree = "<group>"; };
		385C540E21777C8A000B4A00 /* LeftViewCell.h */ = {isa = PBXFileReference; lastKnownFileType = sourcecode.c.h; path = LeftViewCell.h; sourceTree = "<group>"; };
		385C540F21777C8A000B4A00 /* LeftViewCell.m */ = {isa = PBXFileReference; lastKnownFileType = sourcecode.c.objc; path = LeftViewCell.m; sourceTree = "<group>"; };
		5A5EA02D0F9606AB53E3E352 /* Pods-LaoRenJi.release.xcconfig */ = {isa = PBXFileReference; includeInIndex = 1; lastKnownFileType = text.xcconfig; name = "Pods-LaoRenJi.release.xcconfig"; path = "Pods/Target Support Files/Pods-LaoRenJi/Pods-LaoRenJi.release.xcconfig"; sourceTree = "<group>"; };
		73A3D4BB73DDFD25E392F70B /* Pods-LaoRenJi.debug.xcconfig */ = {isa = PBXFileReference; includeInIndex = 1; lastKnownFileType = text.xcconfig; name = "Pods-LaoRenJi.debug.xcconfig"; path = "Pods/Target Support Files/Pods-LaoRenJi/Pods-LaoRenJi.debug.xcconfig"; sourceTree = "<group>"; };
		A5E1F812216B30CD007F398E /* LaoRenJi.app */ = {isa = PBXFileReference; explicitFileType = wrapper.application; includeInIndex = 0; path = LaoRenJi.app; sourceTree = BUILT_PRODUCTS_DIR; };
		A5E1F815216B30CD007F398E /* AppDelegate.h */ = {isa = PBXFileReference; lastKnownFileType = sourcecode.c.h; path = AppDelegate.h; sourceTree = "<group>"; };
		A5E1F816216B30CD007F398E /* AppDelegate.m */ = {isa = PBXFileReference; lastKnownFileType = sourcecode.c.objc; path = AppDelegate.m; sourceTree = "<group>"; };
		A5E1F81E216B30D8007F398E /* Assets.xcassets */ = {isa = PBXFileReference; lastKnownFileType = folder.assetcatalog; path = Assets.xcassets; sourceTree = "<group>"; };
		A5E1F821216B30D8007F398E /* Base */ = {isa = PBXFileReference; lastKnownFileType = file.storyboard; name = Base; path = Base.lproj/LaunchScreen.storyboard; sourceTree = "<group>"; };
		A5E1F823216B30D8007F398E /* Info.plist */ = {isa = PBXFileReference; lastKnownFileType = text.plist.xml; path = Info.plist; sourceTree = "<group>"; };
		A5E1F824216B30D8007F398E /* main.m */ = {isa = PBXFileReference; lastKnownFileType = sourcecode.c.objc; path = main.m; sourceTree = "<group>"; };
		EA4298DB4C4A4E59D63E661D /* libPods-LaoRenJi.a */ = {isa = PBXFileReference; explicitFileType = archive.ar; includeInIndex = 0; path = "libPods-LaoRenJi.a"; sourceTree = BUILT_PRODUCTS_DIR; };
/* End PBXFileReference section */

/* Begin PBXFrameworksBuildPhase section */
		A5E1F80F216B30CD007F398E /* Frameworks */ = {
			isa = PBXFrameworksBuildPhase;
			buildActionMask = 2147483647;
			files = (
				F1506B918B40F8A332AECDA1 /* libPods-LaoRenJi.a in Frameworks */,
			);
			runOnlyForDeploymentPostprocessing = 0;
		};
/* End PBXFrameworksBuildPhase section */

/* Begin PBXGroup section */
		0E6C53BCF9D543CB1BDF3304 /* Frameworks */ = {
			isa = PBXGroup;
			children = (
				EA4298DB4C4A4E59D63E661D /* libPods-LaoRenJi.a */,
			);
			name = Frameworks;
			sourceTree = "<group>";
		};
		385C53AC2171E56B000B4A00 /* Live */ = {
			isa = PBXGroup;
			children = (
				385C53AD2171E5F1000B4A00 /* XHLiveViewController.h */,
				385C53AE2171E5F1000B4A00 /* XHLiveViewController.mm */,
				385C53B02171E68F000B4A00 /* XHLiveEvent.h */,
				385C53B12171E68F000B4A00 /* XHLiveEvent.mm */,
			);
			path = Live;
			sourceTree = "<group>";
		};
		385C53B42171E84D000B4A00 /* ViewController */ = {
			isa = PBXGroup;
			children = (
				385C53F821776C8F000B4A00 /* Service */,
				385C53D72173252C000B4A00 /* Navigation */,
				385C53C9217313D9000B4A00 /* Landing */,
				385C53B52171E867000B4A00 /* FHTRootContainer.h */,
				385C53B62171E867000B4A00 /* FHTRootContainer.m */,
			);
			path = ViewController;
			sourceTree = "<group>";
		};
		385C53B82171E966000B4A00 /* API */ = {
			isa = PBXGroup;
			children = (
				385C53C321730258000B4A00 /* XHAPIResult.h */,
				385C53C421730258000B4A00 /* XHAPIResult.m */,
				385C53BD2171EDA5000B4A00 /* XHAPI.h */,
				385C53BE2171EDA5000B4A00 /* XHAPI.m */,
				385C53C621730619000B4A00 /* XHAPI+API.h */,
				385C53C721730619000B4A00 /* XHAPI+API.m */,
			);
			path = API;
			sourceTree = "<group>";
		};
		385C53BA2171EC95000B4A00 /* Util */ = {
			isa = PBXGroup;
			children = (
				385C53CD21731637000B4A00 /* Extension */,
				385C53BC2171ED74000B4A00 /* PrefixHeader.pch */,
				385C53C021730197000B4A00 /* XHJSON.h */,
				385C53C121730197000B4A00 /* XHJSON.m */,
				385C53EF21733231000B4A00 /* XHKeyboardObserver.h */,
				385C53F021733231000B4A00 /* XHKeyboardObserver.m */,
			);
			path = Util;
			sourceTree = "<group>";
		};
		385C53C9217313D9000B4A00 /* Landing */ = {
			isa = PBXGroup;
			children = (
				385C53E5217329F4000B4A00 /* View */,
				385C53CA217313ED000B4A00 /* LoginViewController.h */,
				385C53CB217313ED000B4A00 /* LoginViewController.m */,
				385C53D421732515000B4A00 /* RegisterViewController.h */,
				385C53D521732515000B4A00 /* RegisterViewController.m */,
				385C53F221733847000B4A00 /* ResetPassworViewController.h */,
				385C53F321733847000B4A00 /* ResetPassworViewController.m */,
			);
			path = Landing;
			sourceTree = "<group>";
		};
		385C53CD21731637000B4A00 /* Extension */ = {
			isa = PBXGroup;
			children = (
				385C53D1217318C9000B4A00 /* UIView+Space.h */,
				385C53D2217318C9000B4A00 /* UIView+Space.m */,
				385C53CE2173167D000B4A00 /* UIViewController+ChildController.h */,
				385C53CF2173167D000B4A00 /* UIViewController+ChildController.m */,
			);
			path = Extension;
			sourceTree = "<group>";
		};
		385C53D72173252C000B4A00 /* Navigation */ = {
			isa = PBXGroup;
			children = (
				385C53DE21732578000B4A00 /* View */,
				385C53D82173254C000B4A00 /* XHNavigationController.h */,
				385C53D92173254C000B4A00 /* XHNavigationController.m */,
				385C53DB2173256C000B4A00 /* XHNavigationBarController.h */,
				385C53DC2173256C000B4A00 /* XHNavigationBarController.m */,
			);
			path = Navigation;
			sourceTree = "<group>";
		};
		385C53DE21732578000B4A00 /* View */ = {
			isa = PBXGroup;
			children = (
				385C53DF217325A2000B4A00 /* XHNavigationBar.h */,
				385C53E0217325A2000B4A00 /* XHNavigationBar.m */,
				385C53E22173270D000B4A00 /* XHSafeNavigationBar.h */,
				385C53E32173270D000B4A00 /* XHSafeNavigationBar.m */,
			);
			path = View;
			sourceTree = "<group>";
		};
		385C53E5217329F4000B4A00 /* View */ = {
			isa = PBXGroup;
			children = (
				385C53E621732A40000B4A00 /* UITextField+Landing.h */,
				385C53E721732A40000B4A00 /* UITextField+Landing.m */,
				385C53EC21732C17000B4A00 /* UIButton+Landing.h */,
				385C53ED21732C17000B4A00 /* UIButton+Landing.m */,
			);
			path = View;
			sourceTree = "<group>";
		};
		385C53F821776C8F000B4A00 /* Service */ = {
			isa = PBXGroup;
			children = (
				385C5407217777F7000B4A00 /* Cell */,
				385C540321777670000B4A00 /* View */,
				385C53F921776CC8000B4A00 /* MainViewController.h */,
				385C53FA21776CC8000B4A00 /* MainViewController.m */,
				385C54002177764E000B4A00 /* LeftViewController.h */,
				385C54012177764E000B4A00 /* LeftViewController.m */,
			);
			path = Service;
			sourceTree = "<group>";
		};
		385C53FC21776CD9000B4A00 /* Style */ = {
			isa = PBXGroup;
			children = (
				385C53FD21776CEF000B4A00 /* UIColor+Style.h */,
				385C53FE21776CEF000B4A00 /* UIColor+Style.m */,
			);
			path = Style;
			sourceTree = "<group>";
		};
		385C540321777670000B4A00 /* View */ = {
			isa = PBXGroup;
			children = (
				385C54042177767E000B4A00 /* LeftHeaderView.h */,
				385C54052177767E000B4A00 /* LeftHeaderView.m */,
			);
			path = View;
			sourceTree = "<group>";
		};
		385C5407217777F7000B4A00 /* Cell */ = {
			isa = PBXGroup;
			children = (
				385C540E21777C8A000B4A00 /* LeftViewCell.h */,
				385C540F21777C8A000B4A00 /* LeftViewCell.m */,
				385C54082177780B000B4A00 /* LeftViewDeviceCell.h */,
				385C54092177780B000B4A00 /* LeftViewDeviceCell.m */,
				385C540B2177783C000B4A00 /* LeftViewBindCell.h */,
				385C540C2177783C000B4A00 /* LeftViewBindCell.m */,
			);
			path = Cell;
			sourceTree = "<group>";
		};
		6919D69A537A4906DD19AB14 /* Pods */ = {
			isa = PBXGroup;
			children = (
				73A3D4BB73DDFD25E392F70B /* Pods-LaoRenJi.debug.xcconfig */,
				5A5EA02D0F9606AB53E3E352 /* Pods-LaoRenJi.release.xcconfig */,
			);
			name = Pods;
			sourceTree = "<group>";
		};
		A5E1F809216B30CD007F398E = {
			isa = PBXGroup;
			children = (
				A5E1F814216B30CD007F398E /* LaoRenJi */,
				A5E1F813216B30CD007F398E /* Products */,
				6919D69A537A4906DD19AB14 /* Pods */,
				0E6C53BCF9D543CB1BDF3304 /* Frameworks */,
			);
			sourceTree = "<group>";
		};
		A5E1F813216B30CD007F398E /* Products */ = {
			isa = PBXGroup;
			children = (
				A5E1F812216B30CD007F398E /* LaoRenJi.app */,
			);
			name = Products;
			sourceTree = "<group>";
		};
		A5E1F814216B30CD007F398E /* LaoRenJi */ = {
			isa = PBXGroup;
			children = (
				385C53FC21776CD9000B4A00 /* Style */,
				385C53BA2171EC95000B4A00 /* Util */,
				385C53B82171E966000B4A00 /* API */,
				385C53B42171E84D000B4A00 /* ViewController */,
				385C53AC2171E56B000B4A00 /* Live */,
				A5E1F815216B30CD007F398E /* AppDelegate.h */,
				A5E1F816216B30CD007F398E /* AppDelegate.m */,
				A5E1F81E216B30D8007F398E /* Assets.xcassets */,
				A5E1F820216B30D8007F398E /* LaunchScreen.storyboard */,
				A5E1F823216B30D8007F398E /* Info.plist */,
				A5E1F824216B30D8007F398E /* main.m */,
			);
			path = LaoRenJi;
			sourceTree = "<group>";
		};
/* End PBXGroup section */

/* Begin PBXNativeTarget section */
		A5E1F811216B30CD007F398E /* LaoRenJi */ = {
			isa = PBXNativeTarget;
			buildConfigurationList = A5E1F828216B30D8007F398E /* Build configuration list for PBXNativeTarget "LaoRenJi" */;
			buildPhases = (
				61E6E13D211FCD5FBB32FE3B /* [CP] Check Pods Manifest.lock */,
				A5E1F80E216B30CD007F398E /* Sources */,
				A5E1F80F216B30CD007F398E /* Frameworks */,
				A5E1F810216B30CD007F398E /* Resources */,
				48CA4F6487F64DEA606BA126 /* [CP] Embed Pods Frameworks */,
			);
			buildRules = (
			);
			dependencies = (
			);
			name = LaoRenJi;
			productName = LaoRenJi;
			productReference = A5E1F812216B30CD007F398E /* LaoRenJi.app */;
			productType = "com.apple.product-type.application";
		};
/* End PBXNativeTarget section */

/* Begin PBXProject section */
		A5E1F80A216B30CD007F398E /* Project object */ = {
			isa = PBXProject;
			attributes = {
				LastUpgradeCheck = 1000;
				ORGANIZATIONNAME = "西汉科技";
				TargetAttributes = {
					A5E1F811216B30CD007F398E = {
						CreatedOnToolsVersion = 10.0;
					};
				};
			};
			buildConfigurationList = A5E1F80D216B30CD007F398E /* Build configuration list for PBXProject "LaoRenJi" */;
			compatibilityVersion = "Xcode 9.3";
			developmentRegion = en;
			hasScannedForEncodings = 0;
			knownRegions = (
				en,
				Base,
			);
			mainGroup = A5E1F809216B30CD007F398E;
			productRefGroup = A5E1F813216B30CD007F398E /* Products */;
			projectDirPath = "";
			projectRoot = "";
			targets = (
				A5E1F811216B30CD007F398E /* LaoRenJi */,
			);
		};
/* End PBXProject section */

/* Begin PBXResourcesBuildPhase section */
		A5E1F810216B30CD007F398E /* Resources */ = {
			isa = PBXResourcesBuildPhase;
			buildActionMask = 2147483647;
			files = (
				A5E1F822216B30D8007F398E /* LaunchScreen.storyboard in Resources */,
				A5E1F81F216B30D8007F398E /* Assets.xcassets in Resources */,
			);
			runOnlyForDeploymentPostprocessing = 0;
		};
/* End PBXResourcesBuildPhase section */

/* Begin PBXShellScriptBuildPhase section */
		48CA4F6487F64DEA606BA126 /* [CP] Embed Pods Frameworks */ = {
			isa = PBXShellScriptBuildPhase;
			buildActionMask = 2147483647;
			files = (
			);
			inputPaths = (
				"${SRCROOT}/Pods/Target Support Files/Pods-LaoRenJi/Pods-LaoRenJi-frameworks.sh",
				"${PODS_ROOT}/PGDybLiveMulti/pgDybLiveMulti/pgDybLiveMulti.framework",
			);
			name = "[CP] Embed Pods Frameworks";
			outputPaths = (
				"${TARGET_BUILD_DIR}/${FRAMEWORKS_FOLDER_PATH}/pgDybLiveMulti.framework",
			);
			runOnlyForDeploymentPostprocessing = 0;
			shellPath = /bin/sh;
			shellScript = "\"${SRCROOT}/Pods/Target Support Files/Pods-LaoRenJi/Pods-LaoRenJi-frameworks.sh\"\n";
			showEnvVarsInLog = 0;
		};
		61E6E13D211FCD5FBB32FE3B /* [CP] Check Pods Manifest.lock */ = {
			isa = PBXShellScriptBuildPhase;
			buildActionMask = 2147483647;
			files = (
			);
			inputPaths = (
				"${PODS_PODFILE_DIR_PATH}/Podfile.lock",
				"${PODS_ROOT}/Manifest.lock",
			);
			name = "[CP] Check Pods Manifest.lock";
			outputPaths = (
				"$(DERIVED_FILE_DIR)/Pods-LaoRenJi-checkManifestLockResult.txt",
			);
			runOnlyForDeploymentPostprocessing = 0;
			shellPath = /bin/sh;
			shellScript = "diff \"${PODS_PODFILE_DIR_PATH}/Podfile.lock\" \"${PODS_ROOT}/Manifest.lock\" > /dev/null\nif [ $? != 0 ] ; then\n    # print error to STDERR\n    echo \"error: The sandbox is not in sync with the Podfile.lock. Run 'pod install' or update your CocoaPods installation.\" >&2\n    exit 1\nfi\n# This output is used by Xcode 'outputs' to avoid re-running this script phase.\necho \"SUCCESS\" > \"${SCRIPT_OUTPUT_FILE_0}\"\n";
			showEnvVarsInLog = 0;
		};
/* End PBXShellScriptBuildPhase section */

/* Begin PBXSourcesBuildPhase section */
		A5E1F80E216B30CD007F398E /* Sources */ = {
			isa = PBXSourcesBuildPhase;
			buildActionMask = 2147483647;
			files = (
				385C53E42173270D000B4A00 /* XHSafeNavigationBar.m in Sources */,
				385C53BF2171EDA5000B4A00 /* XHAPI.m in Sources */,
				385C53E1217325A2000B4A00 /* XHNavigationBar.m in Sources */,
				385C53C521730258000B4A00 /* XHAPIResult.m in Sources */,
				385C53B22171E68F000B4A00 /* XHLiveEvent.mm in Sources */,
				385C53D02173167D000B4A00 /* UIViewController+ChildController.m in Sources */,
				385C540D2177783C000B4A00 /* LeftViewBindCell.m in Sources */,
				385C541021777C8A000B4A00 /* LeftViewCell.m in Sources */,
				385C53C221730197000B4A00 /* XHJSON.m in Sources */,
				385C53DA2173254C000B4A00 /* XHNavigationController.m in Sources */,
				385C53F121733231000B4A00 /* XHKeyboardObserver.m in Sources */,
				385C540A2177780B000B4A00 /* LeftViewDeviceCell.m in Sources */,
				385C54022177764E000B4A00 /* LeftViewController.m in Sources */,
				385C53CC217313ED000B4A00 /* LoginViewController.m in Sources */,
				385C53AF2171E5F1000B4A00 /* XHLiveViewController.mm in Sources */,
				385C53FB21776CC8000B4A00 /* MainViewController.m in Sources */,
				385C53B72171E867000B4A00 /* FHTRootContainer.m in Sources */,
				A5E1F825216B30D8007F398E /* main.m in Sources */,
				385C53D621732515000B4A00 /* RegisterViewController.m in Sources */,
				385C53FF21776CEF000B4A00 /* UIColor+Style.m in Sources */,
				385C53E821732A40000B4A00 /* UITextField+Landing.m in Sources */,
				385C53EE21732C17000B4A00 /* UIButton+Landing.m in Sources */,
				385C53F421733847000B4A00 /* ResetPassworViewController.m in Sources */,
				385C53D3217318C9000B4A00 /* UIView+Space.m in Sources */,
				385C54062177767E000B4A00 /* LeftHeaderView.m in Sources */,
				385C53C821730619000B4A00 /* XHAPI+API.m in Sources */,
				A5E1F817216B30CD007F398E /* AppDelegate.m in Sources */,
				385C53DD2173256C000B4A00 /* XHNavigationBarController.m in Sources */,
			);
			runOnlyForDeploymentPostprocessing = 0;
		};
/* End PBXSourcesBuildPhase section */

/* Begin PBXVariantGroup section */
		A5E1F820216B30D8007F398E /* LaunchScreen.storyboard */ = {
			isa = PBXVariantGroup;
			children = (
				A5E1F821216B30D8007F398E /* Base */,
			);
			name = LaunchScreen.storyboard;
			sourceTree = "<group>";
		};
/* End PBXVariantGroup section */

/* Begin XCBuildConfiguration section */
		A5E1F826216B30D8007F398E /* Debug */ = {
			isa = XCBuildConfiguration;
			buildSettings = {
				ALWAYS_SEARCH_USER_PATHS = NO;
				CLANG_ANALYZER_NONNULL = YES;
				CLANG_ANALYZER_NUMBER_OBJECT_CONVERSION = YES_AGGRESSIVE;
				CLANG_CXX_LANGUAGE_STANDARD = "gnu++14";
				CLANG_CXX_LIBRARY = "libc++";
				CLANG_ENABLE_MODULES = YES;
				CLANG_ENABLE_OBJC_ARC = YES;
				CLANG_ENABLE_OBJC_WEAK = YES;
				CLANG_WARN_BLOCK_CAPTURE_AUTORELEASING = YES;
				CLANG_WARN_BOOL_CONVERSION = YES;
				CLANG_WARN_COMMA = YES;
				CLANG_WARN_CONSTANT_CONVERSION = YES;
				CLANG_WARN_DEPRECATED_OBJC_IMPLEMENTATIONS = YES;
				CLANG_WARN_DIRECT_OBJC_ISA_USAGE = YES_ERROR;
				CLANG_WARN_DOCUMENTATION_COMMENTS = YES;
				CLANG_WARN_EMPTY_BODY = YES;
				CLANG_WARN_ENUM_CONVERSION = YES;
				CLANG_WARN_INFINITE_RECURSION = YES;
				CLANG_WARN_INT_CONVERSION = YES;
				CLANG_WARN_NON_LITERAL_NULL_CONVERSION = YES;
				CLANG_WARN_OBJC_IMPLICIT_RETAIN_SELF = YES;
				CLANG_WARN_OBJC_LITERAL_CONVERSION = YES;
				CLANG_WARN_OBJC_ROOT_CLASS = YES_ERROR;
				CLANG_WARN_RANGE_LOOP_ANALYSIS = YES;
				CLANG_WARN_STRICT_PROTOTYPES = YES;
				CLANG_WARN_SUSPICIOUS_MOVE = YES;
				CLANG_WARN_UNGUARDED_AVAILABILITY = YES_AGGRESSIVE;
				CLANG_WARN_UNREACHABLE_CODE = YES;
				CLANG_WARN__DUPLICATE_METHOD_MATCH = YES;
				CODE_SIGN_IDENTITY = "iPhone Developer";
				COPY_PHASE_STRIP = NO;
				DEBUG_INFORMATION_FORMAT = dwarf;
				ENABLE_STRICT_OBJC_MSGSEND = YES;
				ENABLE_TESTABILITY = YES;
				GCC_C_LANGUAGE_STANDARD = gnu11;
				GCC_DYNAMIC_NO_PIC = NO;
				GCC_NO_COMMON_BLOCKS = YES;
				GCC_OPTIMIZATION_LEVEL = 0;
				GCC_PREPROCESSOR_DEFINITIONS = (
					"DEBUG=1",
					"$(inherited)",
				);
				GCC_WARN_64_TO_32_BIT_CONVERSION = YES;
				GCC_WARN_ABOUT_RETURN_TYPE = YES_ERROR;
				GCC_WARN_UNDECLARED_SELECTOR = YES;
				GCC_WARN_UNINITIALIZED_AUTOS = YES_AGGRESSIVE;
				GCC_WARN_UNUSED_FUNCTION = YES;
				GCC_WARN_UNUSED_VARIABLE = YES;
				IPHONEOS_DEPLOYMENT_TARGET = 12.0;
				MTL_ENABLE_DEBUG_INFO = INCLUDE_SOURCE;
				MTL_FAST_MATH = YES;
				ONLY_ACTIVE_ARCH = YES;
				SDKROOT = iphoneos;
			};
			name = Debug;
		};
		A5E1F827216B30D8007F398E /* Release */ = {
			isa = XCBuildConfiguration;
			buildSettings = {
				ALWAYS_SEARCH_USER_PATHS = NO;
				CLANG_ANALYZER_NONNULL = YES;
				CLANG_ANALYZER_NUMBER_OBJECT_CONVERSION = YES_AGGRESSIVE;
				CLANG_CXX_LANGUAGE_STANDARD = "gnu++14";
				CLANG_CXX_LIBRARY = "libc++";
				CLANG_ENABLE_MODULES = YES;
				CLANG_ENABLE_OBJC_ARC = YES;
				CLANG_ENABLE_OBJC_WEAK = YES;
				CLANG_WARN_BLOCK_CAPTURE_AUTORELEASING = YES;
				CLANG_WARN_BOOL_CONVERSION = YES;
				CLANG_WARN_COMMA = YES;
				CLANG_WARN_CONSTANT_CONVERSION = YES;
				CLANG_WARN_DEPRECATED_OBJC_IMPLEMENTATIONS = YES;
				CLANG_WARN_DIRECT_OBJC_ISA_USAGE = YES_ERROR;
				CLANG_WARN_DOCUMENTATION_COMMENTS = YES;
				CLANG_WARN_EMPTY_BODY = YES;
				CLANG_WARN_ENUM_CONVERSION = YES;
				CLANG_WARN_INFINITE_RECURSION = YES;
				CLANG_WARN_INT_CONVERSION = YES;
				CLANG_WARN_NON_LITERAL_NULL_CONVERSION = YES;
				CLANG_WARN_OBJC_IMPLICIT_RETAIN_SELF = YES;
				CLANG_WARN_OBJC_LITERAL_CONVERSION = YES;
				CLANG_WARN_OBJC_ROOT_CLASS = YES_ERROR;
				CLANG_WARN_RANGE_LOOP_ANALYSIS = YES;
				CLANG_WARN_STRICT_PROTOTYPES = YES;
				CLANG_WARN_SUSPICIOUS_MOVE = YES;
				CLANG_WARN_UNGUARDED_AVAILABILITY = YES_AGGRESSIVE;
				CLANG_WARN_UNREACHABLE_CODE = YES;
				CLANG_WARN__DUPLICATE_METHOD_MATCH = YES;
				CODE_SIGN_IDENTITY = "iPhone Developer";
				COPY_PHASE_STRIP = NO;
				DEBUG_INFORMATION_FORMAT = "dwarf-with-dsym";
				ENABLE_NS_ASSERTIONS = NO;
				ENABLE_STRICT_OBJC_MSGSEND = YES;
				GCC_C_LANGUAGE_STANDARD = gnu11;
				GCC_NO_COMMON_BLOCKS = YES;
				GCC_WARN_64_TO_32_BIT_CONVERSION = YES;
				GCC_WARN_ABOUT_RETURN_TYPE = YES_ERROR;
				GCC_WARN_UNDECLARED_SELECTOR = YES;
				GCC_WARN_UNINITIALIZED_AUTOS = YES_AGGRESSIVE;
				GCC_WARN_UNUSED_FUNCTION = YES;
				GCC_WARN_UNUSED_VARIABLE = YES;
				IPHONEOS_DEPLOYMENT_TARGET = 12.0;
				MTL_ENABLE_DEBUG_INFO = NO;
				MTL_FAST_MATH = YES;
				SDKROOT = iphoneos;
				VALIDATE_PRODUCT = YES;
			};
			name = Release;
		};
		A5E1F829216B30D8007F398E /* Debug */ = {
			isa = XCBuildConfiguration;
			baseConfigurationReference = 73A3D4BB73DDFD25E392F70B /* Pods-LaoRenJi.debug.xcconfig */;
			buildSettings = {
				ASSETCATALOG_COMPILER_APPICON_NAME = AppIcon;
				CODE_SIGN_STYLE = Automatic;
				DEVELOPMENT_TEAM = 6QL8778DJ3;
				ENABLE_BITCODE = NO;
				GCC_PRECOMPILE_PREFIX_HEADER = YES;
				GCC_PREFIX_HEADER = "$(SRCROOT)/LaoRenJi/Util/PrefixHeader.pch";
				INFOPLIST_FILE = LaoRenJi/Info.plist;
				IPHONEOS_DEPLOYMENT_TARGET = 9.0;
				LD_RUNPATH_SEARCH_PATHS = (
					"$(inherited)",
					"@executable_path/Frameworks",
				);
				PRODUCT_BUNDLE_IDENTIFIER = com.xh.LaoRenJi;
				PRODUCT_NAME = "$(TARGET_NAME)";
				TARGETED_DEVICE_FAMILY = 1;
			};
			name = Debug;
		};
		A5E1F82A216B30D8007F398E /* Release */ = {
			isa = XCBuildConfiguration;
			baseConfigurationReference = 5A5EA02D0F9606AB53E3E352 /* Pods-LaoRenJi.release.xcconfig */;
			buildSettings = {
				ASSETCATALOG_COMPILER_APPICON_NAME = AppIcon;
				CODE_SIGN_STYLE = Automatic;
				DEVELOPMENT_TEAM = 6QL8778DJ3;
				ENABLE_BITCODE = NO;
				GCC_PRECOMPILE_PREFIX_HEADER = YES;
				GCC_PREFIX_HEADER = "$(SRCROOT)/LaoRenJi/Util/PrefixHeader.pch";
				INFOPLIST_FILE = LaoRenJi/Info.plist;
				IPHONEOS_DEPLOYMENT_TARGET = 9.0;
				LD_RUNPATH_SEARCH_PATHS = (
					"$(inherited)",
					"@executable_path/Frameworks",
				);
				PRODUCT_BUNDLE_IDENTIFIER = com.xh.LaoRenJi;
				PRODUCT_NAME = "$(TARGET_NAME)";
				TARGETED_DEVICE_FAMILY = 1;
			};
			name = Release;
		};
/* End XCBuildConfiguration section */

/* Begin XCConfigurationList section */
		A5E1F80D216B30CD007F398E /* Build configuration list for PBXProject "LaoRenJi" */ = {
			isa = XCConfigurationList;
			buildConfigurations = (
				A5E1F826216B30D8007F398E /* Debug */,
				A5E1F827216B30D8007F398E /* Release */,
			);
			defaultConfigurationIsVisible = 0;
			defaultConfigurationName = Release;
		};
		A5E1F828216B30D8007F398E /* Build configuration list for PBXNativeTarget "LaoRenJi" */ = {
			isa = XCConfigurationList;
			buildConfigurations = (
				A5E1F829216B30D8007F398E /* Debug */,
				A5E1F82A216B30D8007F398E /* Release */,
			);
			defaultConfigurationIsVisible = 0;
			defaultConfigurationName = Release;
		};
/* End XCConfigurationList section */
	};
	rootObject = A5E1F80A216B30CD007F398E /* Project object */;
}
