// !$*UTF8*$!
{
	archiveVersion = 1;
	classes = {
	};
	objectVersion = 50;
	objects = {

/* Begin PBXBuildFile section */
		385C53BF2171EDA5000B4A00 /* XHAPI.m in Sources */ = {isa = PBXBuildFile; fileRef = 385C53BE2171EDA5000B4A00 /* XHAPI.m */; };
		385C53C221730197000B4A00 /* XHJSON.m in Sources */ = {isa = PBXBuildFile; fileRef = 385C53C121730197000B4A00 /* XHJSON.m */; };
		385C53C521730258000B4A00 /* XHAPIResult.m in Sources */ = {isa = PBXBuildFile; fileRef = 385C53C421730258000B4A00 /* XHAPIResult.m */; };
		385C53C821730619000B4A00 /* XHAPI+API.m in Sources */ = {isa = PBXBuildFile; fileRef = 385C53C721730619000B4A00 /* XHAPI+API.m */; };
		385C53D02173167D000B4A00 /* UIViewController+ChildController.m in Sources */ = {isa = PBXBuildFile; fileRef = 385C53CF2173167D000B4A00 /* UIViewController+ChildController.m */; };
		385C53D3217318C9000B4A00 /* UIView+Space.m in Sources */ = {isa = PBXBuildFile; fileRef = 385C53D2217318C9000B4A00 /* UIView+Space.m */; };
		385C53F121733231000B4A00 /* XHKeyboardObserver.m in Sources */ = {isa = PBXBuildFile; fileRef = 385C53F021733231000B4A00 /* XHKeyboardObserver.m */; };
		385C53FF21776CEF000B4A00 /* UIColor+Style.m in Sources */ = {isa = PBXBuildFile; fileRef = 385C53FE21776CEF000B4A00 /* UIColor+Style.m */; };
		385C5414217AF5C5000B4A00 /* DBManager.m in Sources */ = {isa = PBXBuildFile; fileRef = 385C5413217AF5C5000B4A00 /* DBManager.m */; };
		385C5417217AF771000B4A00 /* NSString+Valid.m in Sources */ = {isa = PBXBuildFile; fileRef = 385C5416217AF771000B4A00 /* NSString+Valid.m */; };
		385C5423217B16CA000B4A00 /* XHContact.m in Sources */ = {isa = PBXBuildFile; fileRef = 385C5422217B16C9000B4A00 /* XHContact.m */; };
		385C54D0217B40D5000B4A00 /* LoginViewController.m in Sources */ = {isa = PBXBuildFile; fileRef = 385C548E217B40D5000B4A00 /* LoginViewController.m */; };
		385C54D1217B40D5000B4A00 /* ResetPassworViewController.m in Sources */ = {isa = PBXBuildFile; fileRef = 385C548F217B40D5000B4A00 /* ResetPassworViewController.m */; };
		385C54D2217B40D5000B4A00 /* RegisterViewController.m in Sources */ = {isa = PBXBuildFile; fileRef = 385C5490217B40D5000B4A00 /* RegisterViewController.m */; };
		385C54D3217B40D5000B4A00 /* UIButton+Landing.m in Sources */ = {isa = PBXBuildFile; fileRef = 385C5493217B40D5000B4A00 /* UIButton+Landing.m */; };
		385C54D4217B40D5000B4A00 /* UITextField+Landing.m in Sources */ = {isa = PBXBuildFile; fileRef = 385C5494217B40D5000B4A00 /* UITextField+Landing.m */; };
		385C54D5217B40D5000B4A00 /* XHNavigationBarController.m in Sources */ = {isa = PBXBuildFile; fileRef = 385C549B217B40D5000B4A00 /* XHNavigationBarController.m */; };
		385C54D6217B40D5000B4A00 /* XHNavigationController.m in Sources */ = {isa = PBXBuildFile; fileRef = 385C549C217B40D5000B4A00 /* XHNavigationController.m */; };
		385C54D7217B40D5000B4A00 /* XHNavigationBar.m in Sources */ = {isa = PBXBuildFile; fileRef = 385C54A0217B40D5000B4A00 /* XHNavigationBar.m */; };
		385C54D8217B40D5000B4A00 /* XHSafeNavigationBar.m in Sources */ = {isa = PBXBuildFile; fileRef = 385C54A1217B40D5000B4A00 /* XHSafeNavigationBar.m */; };
		385C54D9217B40D5000B4A00 /* FHTRootContainer.m in Sources */ = {isa = PBXBuildFile; fileRef = 385C54A3217B40D5000B4A00 /* FHTRootContainer.m */; };
		385C5518217B4125000B4A00 /* MainViewController.m in Sources */ = {isa = PBXBuildFile; fileRef = 385C54ED217B4125000B4A00 /* MainViewController.m */; };
		385C5519217B4125000B4A00 /* DeviceLiveSelectController.m in Sources */ = {isa = PBXBuildFile; fileRef = 385C54F1217B4125000B4A00 /* DeviceLiveSelectController.m */; };
		385C551A217B4125000B4A00 /* LocusViewController.m in Sources */ = {isa = PBXBuildFile; fileRef = 385C54F4217B4125000B4A00 /* LocusViewController.m */; };
		385C551B217B4125000B4A00 /* DevicePhoneViewController.m in Sources */ = {isa = PBXBuildFile; fileRef = 385C54F6217B4125000B4A00 /* DevicePhoneViewController.m */; };
		385C551C217B4125000B4A00 /* DeviceSettingViewController.m in Sources */ = {isa = PBXBuildFile; fileRef = 385C54FA217B4125000B4A00 /* DeviceSettingViewController.m */; };
		385C551D217B4125000B4A00 /* WiFiViewController.m in Sources */ = {isa = PBXBuildFile; fileRef = 385C54FE217B4125000B4A00 /* WiFiViewController.m */; };
		385C551E217B4125000B4A00 /* ContactViewController.m in Sources */ = {isa = PBXBuildFile; fileRef = 385C5500217B4125000B4A00 /* ContactViewController.m */; };
		385C551F217B4125000B4A00 /* ContactCell.m in Sources */ = {isa = PBXBuildFile; fileRef = 385C5502217B4125000B4A00 /* ContactCell.m */; };
		385C5520217B4125000B4A00 /* ContactEditController.m in Sources */ = {isa = PBXBuildFile; fileRef = 385C5503217B4125000B4A00 /* ContactEditController.m */; };
		385C5521217B4125000B4A00 /* DeviceSettingCell.m in Sources */ = {isa = PBXBuildFile; fileRef = 385C5507217B4125000B4A00 /* DeviceSettingCell.m */; };
		385C5522217B4125000B4A00 /* LeftViewCell.m in Sources */ = {isa = PBXBuildFile; fileRef = 385C5509217B4125000B4A00 /* LeftViewCell.m */; };
		385C5523217B4125000B4A00 /* LeftViewBindCell.m in Sources */ = {isa = PBXBuildFile; fileRef = 385C550A217B4125000B4A00 /* LeftViewBindCell.m */; };
		385C5524217B4125000B4A00 /* LeftViewDeviceCell.m in Sources */ = {isa = PBXBuildFile; fileRef = 385C550E217B4125000B4A00 /* LeftViewDeviceCell.m */; };
		385C5525217B4125000B4A00 /* LeftViewController.m in Sources */ = {isa = PBXBuildFile; fileRef = 385C550F217B4125000B4A00 /* LeftViewController.m */; };
		385C5526217B4125000B4A00 /* DeviceLiveSelectButton.m in Sources */ = {isa = PBXBuildFile; fileRef = 385C5511217B4125000B4A00 /* DeviceLiveSelectButton.m */; };
		385C5527217B4125000B4A00 /* ServiceTextFieldContainer.m in Sources */ = {isa = PBXBuildFile; fileRef = 385C5515217B4125000B4A00 /* ServiceTextFieldContainer.m */; };
		385C5528217B4125000B4A00 /* LeftHeaderView.m in Sources */ = {isa = PBXBuildFile; fileRef = 385C5516217B4125000B4A00 /* LeftHeaderView.m */; };
		385C552C217B419E000B4A00 /* AlarmViewController.m in Sources */ = {isa = PBXBuildFile; fileRef = 385C552B217B419E000B4A00 /* AlarmViewController.m */; };
		385C5530217B41AF000B4A00 /* AboutViewController.m in Sources */ = {isa = PBXBuildFile; fileRef = 385C552F217B41AF000B4A00 /* AboutViewController.m */; };
		385C5533217C349A000B4A00 /* AlarmCell.m in Sources */ = {isa = PBXBuildFile; fileRef = 385C5532217C349A000B4A00 /* AlarmCell.m */; };
		385C5536217C381B000B4A00 /* XHAlarm.m in Sources */ = {isa = PBXBuildFile; fileRef = 385C5535217C381A000B4A00 /* XHAlarm.m */; };
		385C5539217C480B000B4A00 /* AlarmEditController.m in Sources */ = {isa = PBXBuildFile; fileRef = 385C5538217C480A000B4A00 /* AlarmEditController.m */; };
		385C553C217C4A5D000B4A00 /* AlarmTimeCell.m in Sources */ = {isa = PBXBuildFile; fileRef = 385C553B217C4A5D000B4A00 /* AlarmTimeCell.m */; };
		385C553F217C543D000B4A00 /* AlarmButton.m in Sources */ = {isa = PBXBuildFile; fileRef = 385C553E217C543D000B4A00 /* AlarmButton.m */; };
		385C5542217C6DD7000B4A00 /* AlarmPickerFlowLayout.m in Sources */ = {isa = PBXBuildFile; fileRef = 385C5541217C6DD7000B4A00 /* AlarmPickerFlowLayout.m */; };
		385C5545217C72EC000B4A00 /* AlarmTextEditController.m in Sources */ = {isa = PBXBuildFile; fileRef = 385C5544217C72EC000B4A00 /* AlarmTextEditController.m */; };
		385C5548217C7A71000B4A00 /* AlarmRepeatDayController.m in Sources */ = {isa = PBXBuildFile; fileRef = 385C5547217C7A71000B4A00 /* AlarmRepeatDayController.m */; };
		385C554F21834F5C000B4A00 /* QRScanningViewController.m in Sources */ = {isa = PBXBuildFile; fileRef = 385C554E21834F5C000B4A00 /* QRScanningViewController.m */; };
		385C555221834F7E000B4A00 /* DeviceCodeInputViewController.m in Sources */ = {isa = PBXBuildFile; fileRef = 385C555121834F7E000B4A00 /* DeviceCodeInputViewController.m */; };
		385C555921844414000B4A00 /* HistoryViewController.m in Sources */ = {isa = PBXBuildFile; fileRef = 385C555821844414000B4A00 /* HistoryViewController.m */; };
		385C555C21844431000B4A00 /* HistoryCell.m in Sources */ = {isa = PBXBuildFile; fileRef = 385C555B21844431000B4A00 /* HistoryCell.m */; };
		385C556021844A22000B4A00 /* ProfileViewController.m in Sources */ = {isa = PBXBuildFile; fileRef = 385C555F21844A22000B4A00 /* ProfileViewController.m */; };
		385C556321844A71000B4A00 /* ProfileCell.m in Sources */ = {isa = PBXBuildFile; fileRef = 385C556221844A71000B4A00 /* ProfileCell.m */; };
		385C556621844C7B000B4A00 /* ProfileHeaderView.m in Sources */ = {isa = PBXBuildFile; fileRef = 385C556521844C7B000B4A00 /* ProfileHeaderView.m */; };
		385C5570218456A5000B4A00 /* ChatHUD.m in Sources */ = {isa = PBXBuildFile; fileRef = 385C556E218456A5000B4A00 /* ChatHUD.m */; };
		385C5574218456AC000B4A00 /* ChatCell.m in Sources */ = {isa = PBXBuildFile; fileRef = 385C5573218456AC000B4A00 /* ChatCell.m */; };
		385C5578218456DC000B4A00 /* XHChat.m in Sources */ = {isa = PBXBuildFile; fileRef = 385C5577218456DC000B4A00 /* XHChat.m */; };
		385C557B21846230000B4A00 /* LocationViewController.m in Sources */ = {isa = PBXBuildFile; fileRef = 385C557A21846230000B4A00 /* LocationViewController.m */; };
		385C557E21846649000B4A00 /* FenceViewController.m in Sources */ = {isa = PBXBuildFile; fileRef = 385C557D21846649000B4A00 /* FenceViewController.m */; };
		385C558121846997000B4A00 /* SerchPositionController.m in Sources */ = {isa = PBXBuildFile; fileRef = 385C558021846997000B4A00 /* SerchPositionController.m */; };
		385C558421846AB4000B4A00 /* XHSearchTextField.m in Sources */ = {isa = PBXBuildFile; fileRef = 385C558221846AB4000B4A00 /* XHSearchTextField.m */; };
		385C558721846ABC000B4A00 /* XHNavigationSearchBar.m in Sources */ = {isa = PBXBuildFile; fileRef = 385C558521846ABB000B4A00 /* XHNavigationSearchBar.m */; };
		385C558A21846C23000B4A00 /* TraceViewController.m in Sources */ = {isa = PBXBuildFile; fileRef = 385C558921846C23000B4A00 /* TraceViewController.m */; };
		385C558E21858DBB000B4A00 /* FenceRadiusSlider.m in Sources */ = {isa = PBXBuildFile; fileRef = 385C558D21858DBB000B4A00 /* FenceRadiusSlider.m */; };
		385C559121858E04000B4A00 /* FenceRadiusLabel.m in Sources */ = {isa = PBXBuildFile; fileRef = 385C559021858E04000B4A00 /* FenceRadiusLabel.m */; };
		385C559521859E8D000B4A00 /* XHFence.m in Sources */ = {isa = PBXBuildFile; fileRef = 385C559421859E8D000B4A00 /* XHFence.m */; };
		385C559B218D9020000B4A00 /* XHLocation.m in Sources */ = {isa = PBXBuildFile; fileRef = 385C559A218D9020000B4A00 /* XHLocation.m */; };
		385C559F218D9A95000B4A00 /* DevicesViewController.m in Sources */ = {isa = PBXBuildFile; fileRef = 385C559E218D9A95000B4A00 /* DevicesViewController.m */; };
		385C55A2218D9CD0000B4A00 /* DeviceInfoViewController.m in Sources */ = {isa = PBXBuildFile; fileRef = 385C55A1218D9CD0000B4A00 /* DeviceInfoViewController.m */; };
		385C55A5218DA68B000B4A00 /* ModifyPasswordViewController.m in Sources */ = {isa = PBXBuildFile; fileRef = 385C55A4218DA68B000B4A00 /* ModifyPasswordViewController.m */; };
		A513503F2187002200D69E06 /* XHLiveEvent.mm in Sources */ = {isa = PBXBuildFile; fileRef = A513503B2187002100D69E06 /* XHLiveEvent.mm */; };
		A51350402187002200D69E06 /* XHLiveViewController.mm in Sources */ = {isa = PBXBuildFile; fileRef = A513503D2187002200D69E06 /* XHLiveViewController.mm */; };
		A533B2952179A7FB00C790F9 /* XHDevice.m in Sources */ = {isa = PBXBuildFile; fileRef = A533B2942179A7FB00C790F9 /* XHDevice.m */; };
		A533B29E2179BDCD00C790F9 /* XHGlobal.m in Sources */ = {isa = PBXBuildFile; fileRef = A533B29D2179BDCD00C790F9 /* XHGlobal.m */; };
		A533B2A12179C0E400C790F9 /* UIViewController+HUD.m in Sources */ = {isa = PBXBuildFile; fileRef = A533B2A02179C0E400C790F9 /* UIViewController+HUD.m */; };
		A533B2B4217D6FAE00C790F9 /* ChatViewController.m in Sources */ = {isa = PBXBuildFile; fileRef = A533B2B3217D6FAE00C790F9 /* ChatViewController.m */; };
		A533B2C4217D862F00C790F9 /* AudioConverter.mm in Sources */ = {isa = PBXBuildFile; fileRef = A533B2B9217D862F00C790F9 /* AudioConverter.mm */; };
		A533B2C5217D862F00C790F9 /* libopencore-amrwb.a in Frameworks */ = {isa = PBXBuildFile; fileRef = A533B2BB217D862F00C790F9 /* libopencore-amrwb.a */; };
		A533B2C6217D863000C790F9 /* libopencore-amrnb.a in Frameworks */ = {isa = PBXBuildFile; fileRef = A533B2BC217D862F00C790F9 /* libopencore-amrnb.a */; };
		A533B2C7217D863000C790F9 /* amrFileCodec.mm in Sources */ = {isa = PBXBuildFile; fileRef = A533B2C1217D862F00C790F9 /* amrFileCodec.mm */; };
		A533B2CA217DA1A700C790F9 /* AudioMananger.m in Sources */ = {isa = PBXBuildFile; fileRef = A533B2C9217DA1A700C790F9 /* AudioMananger.m */; };
		A5353AA3217825D200D8A6B9 /* XHUser.m in Sources */ = {isa = PBXBuildFile; fileRef = A5353AA2217825D200D8A6B9 /* XHUser.m */; };
		A5D08CE321A52819009C8B0F /* XHRemoteNotificationHelper.m in Sources */ = {isa = PBXBuildFile; fileRef = A5D08CE221A52819009C8B0F /* XHRemoteNotificationHelper.m */; };
		A5E1F817216B30CD007F398E /* AppDelegate.m in Sources */ = {isa = PBXBuildFile; fileRef = A5E1F816216B30CD007F398E /* AppDelegate.m */; };
		A5E1F81F216B30D8007F398E /* Assets.xcassets in Resources */ = {isa = PBXBuildFile; fileRef = A5E1F81E216B30D8007F398E /* Assets.xcassets */; };
		A5E1F822216B30D8007F398E /* LaunchScreen.storyboard in Resources */ = {isa = PBXBuildFile; fileRef = A5E1F820216B30D8007F398E /* LaunchScreen.storyboard */; };
		A5E1F825216B30D8007F398E /* main.m in Sources */ = {isa = PBXBuildFile; fileRef = A5E1F824216B30D8007F398E /* main.m */; };
		A5EFBB6F21B0CA9500302D5F /* DBManager+Chat.m in Sources */ = {isa = PBXBuildFile; fileRef = A5EFBB6E21B0CA9500302D5F /* DBManager+Chat.m */; };
		F1506B918B40F8A332AECDA1 /* libPods-LaoRenJi.a in Frameworks */ = {isa = PBXBuildFile; fileRef = EA4298DB4C4A4E59D63E661D /* libPods-LaoRenJi.a */; };
/* End PBXBuildFile section */

/* Begin PBXFileReference section */
		385C53BC2171ED74000B4A00 /* PrefixHeader.pch */ = {isa = PBXFileReference; lastKnownFileType = sourcecode.c.h; path = PrefixHeader.pch; sourceTree = "<group>"; };
		385C53BD2171EDA5000B4A00 /* XHAPI.h */ = {isa = PBXFileReference; lastKnownFileType = sourcecode.c.h; path = XHAPI.h; sourceTree = "<group>"; };
		385C53BE2171EDA5000B4A00 /* XHAPI.m */ = {isa = PBXFileReference; lastKnownFileType = sourcecode.c.objc; path = XHAPI.m; sourceTree = "<group>"; };
		385C53C021730197000B4A00 /* XHJSON.h */ = {isa = PBXFileReference; lastKnownFileType = sourcecode.c.h; path = XHJSON.h; sourceTree = "<group>"; };
		385C53C121730197000B4A00 /* XHJSON.m */ = {isa = PBXFileReference; lastKnownFileType = sourcecode.c.objc; path = XHJSON.m; sourceTree = "<group>"; };
		385C53C321730258000B4A00 /* XHAPIResult.h */ = {isa = PBXFileReference; lastKnownFileType = sourcecode.c.h; path = XHAPIResult.h; sourceTree = "<group>"; };
		385C53C421730258000B4A00 /* XHAPIResult.m */ = {isa = PBXFileReference; lastKnownFileType = sourcecode.c.objc; path = XHAPIResult.m; sourceTree = "<group>"; };
		385C53C621730619000B4A00 /* XHAPI+API.h */ = {isa = PBXFileReference; lastKnownFileType = sourcecode.c.h; path = "XHAPI+API.h"; sourceTree = "<group>"; };
		385C53C721730619000B4A00 /* XHAPI+API.m */ = {isa = PBXFileReference; lastKnownFileType = sourcecode.c.objc; path = "XHAPI+API.m"; sourceTree = "<group>"; };
		385C53CE2173167D000B4A00 /* UIViewController+ChildController.h */ = {isa = PBXFileReference; fileEncoding = 4; lastKnownFileType = sourcecode.c.h; path = "UIViewController+ChildController.h"; sourceTree = "<group>"; };
		385C53CF2173167D000B4A00 /* UIViewController+ChildController.m */ = {isa = PBXFileReference; fileEncoding = 4; lastKnownFileType = sourcecode.c.objc; path = "UIViewController+ChildController.m"; sourceTree = "<group>"; };
		385C53D1217318C9000B4A00 /* UIView+Space.h */ = {isa = PBXFileReference; fileEncoding = 4; lastKnownFileType = sourcecode.c.h; path = "UIView+Space.h"; sourceTree = "<group>"; };
		385C53D2217318C9000B4A00 /* UIView+Space.m */ = {isa = PBXFileReference; fileEncoding = 4; lastKnownFileType = sourcecode.c.objc; path = "UIView+Space.m"; sourceTree = "<group>"; };
		385C53EF21733231000B4A00 /* XHKeyboardObserver.h */ = {isa = PBXFileReference; lastKnownFileType = sourcecode.c.h; path = XHKeyboardObserver.h; sourceTree = "<group>"; };
		385C53F021733231000B4A00 /* XHKeyboardObserver.m */ = {isa = PBXFileReference; lastKnownFileType = sourcecode.c.objc; path = XHKeyboardObserver.m; sourceTree = "<group>"; };
		385C53FD21776CEF000B4A00 /* UIColor+Style.h */ = {isa = PBXFileReference; lastKnownFileType = sourcecode.c.h; path = "UIColor+Style.h"; sourceTree = "<group>"; };
		385C53FE21776CEF000B4A00 /* UIColor+Style.m */ = {isa = PBXFileReference; lastKnownFileType = sourcecode.c.objc; path = "UIColor+Style.m"; sourceTree = "<group>"; };
		385C5412217AF5C5000B4A00 /* DBManager.h */ = {isa = PBXFileReference; lastKnownFileType = sourcecode.c.h; path = DBManager.h; sourceTree = "<group>"; };
		385C5413217AF5C5000B4A00 /* DBManager.m */ = {isa = PBXFileReference; lastKnownFileType = sourcecode.c.objc; path = DBManager.m; sourceTree = "<group>"; };
		385C5415217AF771000B4A00 /* NSString+Valid.h */ = {isa = PBXFileReference; lastKnownFileType = sourcecode.c.h; path = "NSString+Valid.h"; sourceTree = "<group>"; };
		385C5416217AF771000B4A00 /* NSString+Valid.m */ = {isa = PBXFileReference; lastKnownFileType = sourcecode.c.objc; path = "NSString+Valid.m"; sourceTree = "<group>"; };
		385C5421217B16C9000B4A00 /* XHContact.h */ = {isa = PBXFileReference; lastKnownFileType = sourcecode.c.h; path = XHContact.h; sourceTree = "<group>"; };
		385C5422217B16C9000B4A00 /* XHContact.m */ = {isa = PBXFileReference; lastKnownFileType = sourcecode.c.objc; path = XHContact.m; sourceTree = "<group>"; };
		385C548C217B40D5000B4A00 /* FHTRootContainer.h */ = {isa = PBXFileReference; fileEncoding = 4; lastKnownFileType = sourcecode.c.h; path = FHTRootContainer.h; sourceTree = "<group>"; };
		385C548E217B40D5000B4A00 /* LoginViewController.m */ = {isa = PBXFileReference; fileEncoding = 4; lastKnownFileType = sourcecode.c.objc; path = LoginViewController.m; sourceTree = "<group>"; };
		385C548F217B40D5000B4A00 /* ResetPassworViewController.m */ = {isa = PBXFileReference; fileEncoding = 4; lastKnownFileType = sourcecode.c.objc; path = ResetPassworViewController.m; sourceTree = "<group>"; };
		385C5490217B40D5000B4A00 /* RegisterViewController.m */ = {isa = PBXFileReference; fileEncoding = 4; lastKnownFileType = sourcecode.c.objc; path = RegisterViewController.m; sourceTree = "<group>"; };
		385C5492217B40D5000B4A00 /* UITextField+Landing.h */ = {isa = PBXFileReference; fileEncoding = 4; lastKnownFileType = sourcecode.c.h; path = "UITextField+Landing.h"; sourceTree = "<group>"; };
		385C5493217B40D5000B4A00 /* UIButton+Landing.m */ = {isa = PBXFileReference; fileEncoding = 4; lastKnownFileType = sourcecode.c.objc; path = "UIButton+Landing.m"; sourceTree = "<group>"; };
		385C5494217B40D5000B4A00 /* UITextField+Landing.m */ = {isa = PBXFileReference; fileEncoding = 4; lastKnownFileType = sourcecode.c.objc; path = "UITextField+Landing.m"; sourceTree = "<group>"; };
		385C5495217B40D5000B4A00 /* UIButton+Landing.h */ = {isa = PBXFileReference; fileEncoding = 4; lastKnownFileType = sourcecode.c.h; path = "UIButton+Landing.h"; sourceTree = "<group>"; };
		385C5496217B40D5000B4A00 /* ResetPassworViewController.h */ = {isa = PBXFileReference; fileEncoding = 4; lastKnownFileType = sourcecode.c.h; path = ResetPassworViewController.h; sourceTree = "<group>"; };
		385C5497217B40D5000B4A00 /* LoginViewController.h */ = {isa = PBXFileReference; fileEncoding = 4; lastKnownFileType = sourcecode.c.h; path = LoginViewController.h; sourceTree = "<group>"; };
		385C5498217B40D5000B4A00 /* RegisterViewController.h */ = {isa = PBXFileReference; fileEncoding = 4; lastKnownFileType = sourcecode.c.h; path = RegisterViewController.h; sourceTree = "<group>"; };
		385C549A217B40D5000B4A00 /* XHNavigationController.h */ = {isa = PBXFileReference; fileEncoding = 4; lastKnownFileType = sourcecode.c.h; path = XHNavigationController.h; sourceTree = "<group>"; };
		385C549B217B40D5000B4A00 /* XHNavigationBarController.m */ = {isa = PBXFileReference; fileEncoding = 4; lastKnownFileType = sourcecode.c.objc; path = XHNavigationBarController.m; sourceTree = "<group>"; };
		385C549C217B40D5000B4A00 /* XHNavigationController.m */ = {isa = PBXFileReference; fileEncoding = 4; lastKnownFileType = sourcecode.c.objc; path = XHNavigationController.m; sourceTree = "<group>"; };
		385C549E217B40D5000B4A00 /* XHNavigationBar.h */ = {isa = PBXFileReference; fileEncoding = 4; lastKnownFileType = sourcecode.c.h; path = XHNavigationBar.h; sourceTree = "<group>"; };
		385C549F217B40D5000B4A00 /* XHSafeNavigationBar.h */ = {isa = PBXFileReference; fileEncoding = 4; lastKnownFileType = sourcecode.c.h; path = XHSafeNavigationBar.h; sourceTree = "<group>"; };
		385C54A0217B40D5000B4A00 /* XHNavigationBar.m */ = {isa = PBXFileReference; fileEncoding = 4; lastKnownFileType = sourcecode.c.objc; path = XHNavigationBar.m; sourceTree = "<group>"; };
		385C54A1217B40D5000B4A00 /* XHSafeNavigationBar.m */ = {isa = PBXFileReference; fileEncoding = 4; lastKnownFileType = sourcecode.c.objc; path = XHSafeNavigationBar.m; sourceTree = "<group>"; };
		385C54A2217B40D5000B4A00 /* XHNavigationBarController.h */ = {isa = PBXFileReference; fileEncoding = 4; lastKnownFileType = sourcecode.c.h; path = XHNavigationBarController.h; sourceTree = "<group>"; };
		385C54A3217B40D5000B4A00 /* FHTRootContainer.m */ = {isa = PBXFileReference; fileEncoding = 4; lastKnownFileType = sourcecode.c.objc; path = FHTRootContainer.m; sourceTree = "<group>"; };
		385C54EC217B4125000B4A00 /* LeftViewController.h */ = {isa = PBXFileReference; fileEncoding = 4; lastKnownFileType = sourcecode.c.h; path = LeftViewController.h; sourceTree = "<group>"; };
		385C54ED217B4125000B4A00 /* MainViewController.m */ = {isa = PBXFileReference; fileEncoding = 4; lastKnownFileType = sourcecode.c.objc; path = MainViewController.m; sourceTree = "<group>"; };
		385C54F0217B4125000B4A00 /* DeviceLiveSelectController.h */ = {isa = PBXFileReference; fileEncoding = 4; lastKnownFileType = sourcecode.c.h; path = DeviceLiveSelectController.h; sourceTree = "<group>"; };
		385C54F1217B4125000B4A00 /* DeviceLiveSelectController.m */ = {isa = PBXFileReference; fileEncoding = 4; lastKnownFileType = sourcecode.c.objc; path = DeviceLiveSelectController.m; sourceTree = "<group>"; };
		385C54F3217B4125000B4A00 /* LocusViewController.h */ = {isa = PBXFileReference; fileEncoding = 4; lastKnownFileType = sourcecode.c.h; path = LocusViewController.h; sourceTree = "<group>"; };
		385C54F4217B4125000B4A00 /* LocusViewController.m */ = {isa = PBXFileReference; fileEncoding = 4; lastKnownFileType = sourcecode.c.objc; path = LocusViewController.m; sourceTree = "<group>"; };
		385C54F6217B4125000B4A00 /* DevicePhoneViewController.m */ = {isa = PBXFileReference; fileEncoding = 4; lastKnownFileType = sourcecode.c.objc; path = DevicePhoneViewController.m; sourceTree = "<group>"; };
		385C54F7217B4125000B4A00 /* DevicePhoneViewController.h */ = {isa = PBXFileReference; fileEncoding = 4; lastKnownFileType = sourcecode.c.h; path = DevicePhoneViewController.h; sourceTree = "<group>"; };
		385C54F9217B4125000B4A00 /* DeviceSettingCell.h */ = {isa = PBXFileReference; fileEncoding = 4; lastKnownFileType = sourcecode.c.h; path = DeviceSettingCell.h; sourceTree = "<group>"; };
		385C54FA217B4125000B4A00 /* DeviceSettingViewController.m */ = {isa = PBXFileReference; fileEncoding = 4; lastKnownFileType = sourcecode.c.objc; path = DeviceSettingViewController.m; sourceTree = "<group>"; };
		385C54FD217B4125000B4A00 /* WiFiViewController.h */ = {isa = PBXFileReference; fileEncoding = 4; lastKnownFileType = sourcecode.c.h; path = WiFiViewController.h; sourceTree = "<group>"; };
		385C54FE217B4125000B4A00 /* WiFiViewController.m */ = {isa = PBXFileReference; fileEncoding = 4; lastKnownFileType = sourcecode.c.objc; path = WiFiViewController.m; sourceTree = "<group>"; };
		385C5500217B4125000B4A00 /* ContactViewController.m */ = {isa = PBXFileReference; fileEncoding = 4; lastKnownFileType = sourcecode.c.objc; path = ContactViewController.m; sourceTree = "<group>"; };
		385C5501217B4125000B4A00 /* ContactEditController.h */ = {isa = PBXFileReference; fileEncoding = 4; lastKnownFileType = sourcecode.c.h; path = ContactEditController.h; sourceTree = "<group>"; };
		385C5502217B4125000B4A00 /* ContactCell.m */ = {isa = PBXFileReference; fileEncoding = 4; lastKnownFileType = sourcecode.c.objc; path = ContactCell.m; sourceTree = "<group>"; };
		385C5503217B4125000B4A00 /* ContactEditController.m */ = {isa = PBXFileReference; fileEncoding = 4; lastKnownFileType = sourcecode.c.objc; path = ContactEditController.m; sourceTree = "<group>"; };
		385C5504217B4125000B4A00 /* ContactViewController.h */ = {isa = PBXFileReference; fileEncoding = 4; lastKnownFileType = sourcecode.c.h; path = ContactViewController.h; sourceTree = "<group>"; };
		385C5505217B4125000B4A00 /* ContactCell.h */ = {isa = PBXFileReference; fileEncoding = 4; lastKnownFileType = sourcecode.c.h; path = ContactCell.h; sourceTree = "<group>"; };
		385C5506217B4125000B4A00 /* DeviceSettingViewController.h */ = {isa = PBXFileReference; fileEncoding = 4; lastKnownFileType = sourcecode.c.h; path = DeviceSettingViewController.h; sourceTree = "<group>"; };
		385C5507217B4125000B4A00 /* DeviceSettingCell.m */ = {isa = PBXFileReference; fileEncoding = 4; lastKnownFileType = sourcecode.c.objc; path = DeviceSettingCell.m; sourceTree = "<group>"; };
		385C5509217B4125000B4A00 /* LeftViewCell.m */ = {isa = PBXFileReference; fileEncoding = 4; lastKnownFileType = sourcecode.c.objc; path = LeftViewCell.m; sourceTree = "<group>"; };
		385C550A217B4125000B4A00 /* LeftViewBindCell.m */ = {isa = PBXFileReference; fileEncoding = 4; lastKnownFileType = sourcecode.c.objc; path = LeftViewBindCell.m; sourceTree = "<group>"; };
		385C550B217B4125000B4A00 /* LeftViewDeviceCell.h */ = {isa = PBXFileReference; fileEncoding = 4; lastKnownFileType = sourcecode.c.h; path = LeftViewDeviceCell.h; sourceTree = "<group>"; };
		385C550C217B4125000B4A00 /* LeftViewCell.h */ = {isa = PBXFileReference; fileEncoding = 4; lastKnownFileType = sourcecode.c.h; path = LeftViewCell.h; sourceTree = "<group>"; };
		385C550D217B4125000B4A00 /* LeftViewBindCell.h */ = {isa = PBXFileReference; fileEncoding = 4; lastKnownFileType = sourcecode.c.h; path = LeftViewBindCell.h; sourceTree = "<group>"; };
		385C550E217B4125000B4A00 /* LeftViewDeviceCell.m */ = {isa = PBXFileReference; fileEncoding = 4; lastKnownFileType = sourcecode.c.objc; path = LeftViewDeviceCell.m; sourceTree = "<group>"; };
		385C550F217B4125000B4A00 /* LeftViewController.m */ = {isa = PBXFileReference; fileEncoding = 4; lastKnownFileType = sourcecode.c.objc; path = LeftViewController.m; sourceTree = "<group>"; };
		385C5511217B4125000B4A00 /* DeviceLiveSelectButton.m */ = {isa = PBXFileReference; fileEncoding = 4; lastKnownFileType = sourcecode.c.objc; path = DeviceLiveSelectButton.m; sourceTree = "<group>"; };
		385C5512217B4125000B4A00 /* LeftHeaderView.h */ = {isa = PBXFileReference; fileEncoding = 4; lastKnownFileType = sourcecode.c.h; path = LeftHeaderView.h; sourceTree = "<group>"; };
		385C5513217B4125000B4A00 /* ServiceTextFieldContainer.h */ = {isa = PBXFileReference; fileEncoding = 4; lastKnownFileType = sourcecode.c.h; path = ServiceTextFieldContainer.h; sourceTree = "<group>"; };
		385C5514217B4125000B4A00 /* DeviceLiveSelectButton.h */ = {isa = PBXFileReference; fileEncoding = 4; lastKnownFileType = sourcecode.c.h; path = DeviceLiveSelectButton.h; sourceTree = "<group>"; };
		385C5515217B4125000B4A00 /* ServiceTextFieldContainer.m */ = {isa = PBXFileReference; fileEncoding = 4; lastKnownFileType = sourcecode.c.objc; path = ServiceTextFieldContainer.m; sourceTree = "<group>"; };
		385C5516217B4125000B4A00 /* LeftHeaderView.m */ = {isa = PBXFileReference; fileEncoding = 4; lastKnownFileType = sourcecode.c.objc; path = LeftHeaderView.m; sourceTree = "<group>"; };
		385C5517217B4125000B4A00 /* MainViewController.h */ = {isa = PBXFileReference; fileEncoding = 4; lastKnownFileType = sourcecode.c.h; path = MainViewController.h; sourceTree = "<group>"; };
		385C552A217B419E000B4A00 /* AlarmViewController.h */ = {isa = PBXFileReference; lastKnownFileType = sourcecode.c.h; path = AlarmViewController.h; sourceTree = "<group>"; };
		385C552B217B419E000B4A00 /* AlarmViewController.m */ = {isa = PBXFileReference; lastKnownFileType = sourcecode.c.objc; path = AlarmViewController.m; sourceTree = "<group>"; };
		385C552E217B41AF000B4A00 /* AboutViewController.h */ = {isa = PBXFileReference; lastKnownFileType = sourcecode.c.h; path = AboutViewController.h; sourceTree = "<group>"; };
		385C552F217B41AF000B4A00 /* AboutViewController.m */ = {isa = PBXFileReference; lastKnownFileType = sourcecode.c.objc; path = AboutViewController.m; sourceTree = "<group>"; };
		385C5531217C349A000B4A00 /* AlarmCell.h */ = {isa = PBXFileReference; lastKnownFileType = sourcecode.c.h; path = AlarmCell.h; sourceTree = "<group>"; };
		385C5532217C349A000B4A00 /* AlarmCell.m */ = {isa = PBXFileReference; lastKnownFileType = sourcecode.c.objc; path = AlarmCell.m; sourceTree = "<group>"; };
		385C5534217C381A000B4A00 /* XHAlarm.h */ = {isa = PBXFileReference; lastKnownFileType = sourcecode.c.h; path = XHAlarm.h; sourceTree = "<group>"; };
		385C5535217C381A000B4A00 /* XHAlarm.m */ = {isa = PBXFileReference; lastKnownFileType = sourcecode.c.objc; path = XHAlarm.m; sourceTree = "<group>"; };
		385C5537217C480A000B4A00 /* AlarmEditController.h */ = {isa = PBXFileReference; lastKnownFileType = sourcecode.c.h; path = AlarmEditController.h; sourceTree = "<group>"; };
		385C5538217C480A000B4A00 /* AlarmEditController.m */ = {isa = PBXFileReference; lastKnownFileType = sourcecode.c.objc; path = AlarmEditController.m; sourceTree = "<group>"; };
		385C553A217C4A5D000B4A00 /* AlarmTimeCell.h */ = {isa = PBXFileReference; lastKnownFileType = sourcecode.c.h; path = AlarmTimeCell.h; sourceTree = "<group>"; };
		385C553B217C4A5D000B4A00 /* AlarmTimeCell.m */ = {isa = PBXFileReference; lastKnownFileType = sourcecode.c.objc; path = AlarmTimeCell.m; sourceTree = "<group>"; };
		385C553D217C543D000B4A00 /* AlarmButton.h */ = {isa = PBXFileReference; lastKnownFileType = sourcecode.c.h; path = AlarmButton.h; sourceTree = "<group>"; };
		385C553E217C543D000B4A00 /* AlarmButton.m */ = {isa = PBXFileReference; lastKnownFileType = sourcecode.c.objc; path = AlarmButton.m; sourceTree = "<group>"; };
		385C5540217C6DD7000B4A00 /* AlarmPickerFlowLayout.h */ = {isa = PBXFileReference; lastKnownFileType = sourcecode.c.h; path = AlarmPickerFlowLayout.h; sourceTree = "<group>"; };
		385C5541217C6DD7000B4A00 /* AlarmPickerFlowLayout.m */ = {isa = PBXFileReference; lastKnownFileType = sourcecode.c.objc; path = AlarmPickerFlowLayout.m; sourceTree = "<group>"; };
		385C5543217C72EC000B4A00 /* AlarmTextEditController.h */ = {isa = PBXFileReference; lastKnownFileType = sourcecode.c.h; path = AlarmTextEditController.h; sourceTree = "<group>"; };
		385C5544217C72EC000B4A00 /* AlarmTextEditController.m */ = {isa = PBXFileReference; lastKnownFileType = sourcecode.c.objc; path = AlarmTextEditController.m; sourceTree = "<group>"; };
		385C5546217C7A71000B4A00 /* AlarmRepeatDayController.h */ = {isa = PBXFileReference; lastKnownFileType = sourcecode.c.h; path = AlarmRepeatDayController.h; sourceTree = "<group>"; };
		385C5547217C7A71000B4A00 /* AlarmRepeatDayController.m */ = {isa = PBXFileReference; lastKnownFileType = sourcecode.c.objc; path = AlarmRepeatDayController.m; sourceTree = "<group>"; };
		385C554D21834F5C000B4A00 /* QRScanningViewController.h */ = {isa = PBXFileReference; lastKnownFileType = sourcecode.c.h; path = QRScanningViewController.h; sourceTree = "<group>"; };
		385C554E21834F5C000B4A00 /* QRScanningViewController.m */ = {isa = PBXFileReference; lastKnownFileType = sourcecode.c.objc; path = QRScanningViewController.m; sourceTree = "<group>"; };
		385C555021834F7E000B4A00 /* DeviceCodeInputViewController.h */ = {isa = PBXFileReference; lastKnownFileType = sourcecode.c.h; path = DeviceCodeInputViewController.h; sourceTree = "<group>"; };
		385C555121834F7E000B4A00 /* DeviceCodeInputViewController.m */ = {isa = PBXFileReference; lastKnownFileType = sourcecode.c.objc; path = DeviceCodeInputViewController.m; sourceTree = "<group>"; };
		385C555721844414000B4A00 /* HistoryViewController.h */ = {isa = PBXFileReference; lastKnownFileType = sourcecode.c.h; path = HistoryViewController.h; sourceTree = "<group>"; };
		385C555821844414000B4A00 /* HistoryViewController.m */ = {isa = PBXFileReference; lastKnownFileType = sourcecode.c.objc; path = HistoryViewController.m; sourceTree = "<group>"; };
		385C555A21844431000B4A00 /* HistoryCell.h */ = {isa = PBXFileReference; lastKnownFileType = sourcecode.c.h; path = HistoryCell.h; sourceTree = "<group>"; };
		385C555B21844431000B4A00 /* HistoryCell.m */ = {isa = PBXFileReference; lastKnownFileType = sourcecode.c.objc; path = HistoryCell.m; sourceTree = "<group>"; };
		385C555E21844A22000B4A00 /* ProfileViewController.h */ = {isa = PBXFileReference; lastKnownFileType = sourcecode.c.h; path = ProfileViewController.h; sourceTree = "<group>"; };
		385C555F21844A22000B4A00 /* ProfileViewController.m */ = {isa = PBXFileReference; lastKnownFileType = sourcecode.c.objc; path = ProfileViewController.m; sourceTree = "<group>"; };
		385C556121844A71000B4A00 /* ProfileCell.h */ = {isa = PBXFileReference; lastKnownFileType = sourcecode.c.h; path = ProfileCell.h; sourceTree = "<group>"; };
		385C556221844A71000B4A00 /* ProfileCell.m */ = {isa = PBXFileReference; lastKnownFileType = sourcecode.c.objc; path = ProfileCell.m; sourceTree = "<group>"; };
		385C556421844C7B000B4A00 /* ProfileHeaderView.h */ = {isa = PBXFileReference; lastKnownFileType = sourcecode.c.h; path = ProfileHeaderView.h; sourceTree = "<group>"; };
		385C556521844C7B000B4A00 /* ProfileHeaderView.m */ = {isa = PBXFileReference; lastKnownFileType = sourcecode.c.objc; path = ProfileHeaderView.m; sourceTree = "<group>"; };
		385C556E218456A5000B4A00 /* ChatHUD.m */ = {isa = PBXFileReference; fileEncoding = 4; lastKnownFileType = sourcecode.c.objc; path = ChatHUD.m; sourceTree = "<group>"; };
		385C556F218456A5000B4A00 /* ChatHUD.h */ = {isa = PBXFileReference; fileEncoding = 4; lastKnownFileType = sourcecode.c.h; path = ChatHUD.h; sourceTree = "<group>"; };
		385C5572218456AC000B4A00 /* ChatCell.h */ = {isa = PBXFileReference; fileEncoding = 4; lastKnownFileType = sourcecode.c.h; path = ChatCell.h; sourceTree = "<group>"; };
		385C5573218456AC000B4A00 /* ChatCell.m */ = {isa = PBXFileReference; fileEncoding = 4; lastKnownFileType = sourcecode.c.objc; path = ChatCell.m; sourceTree = "<group>"; };
		385C5576218456DC000B4A00 /* XHChat.h */ = {isa = PBXFileReference; lastKnownFileType = sourcecode.c.h; path = XHChat.h; sourceTree = "<group>"; };
		385C5577218456DC000B4A00 /* XHChat.m */ = {isa = PBXFileReference; lastKnownFileType = sourcecode.c.objc; path = XHChat.m; sourceTree = "<group>"; };
		385C557921846230000B4A00 /* LocationViewController.h */ = {isa = PBXFileReference; lastKnownFileType = sourcecode.c.h; path = LocationViewController.h; sourceTree = "<group>"; };
		385C557A21846230000B4A00 /* LocationViewController.m */ = {isa = PBXFileReference; lastKnownFileType = sourcecode.c.objc; path = LocationViewController.m; sourceTree = "<group>"; };
		385C557C21846649000B4A00 /* FenceViewController.h */ = {isa = PBXFileReference; lastKnownFileType = sourcecode.c.h; path = FenceViewController.h; sourceTree = "<group>"; };
		385C557D21846649000B4A00 /* FenceViewController.m */ = {isa = PBXFileReference; lastKnownFileType = sourcecode.c.objc; path = FenceViewController.m; sourceTree = "<group>"; };
		385C557F21846997000B4A00 /* SerchPositionController.h */ = {isa = PBXFileReference; lastKnownFileType = sourcecode.c.h; path = SerchPositionController.h; sourceTree = "<group>"; };
		385C558021846997000B4A00 /* SerchPositionController.m */ = {isa = PBXFileReference; lastKnownFileType = sourcecode.c.objc; path = SerchPositionController.m; sourceTree = "<group>"; };
		385C558221846AB4000B4A00 /* XHSearchTextField.m */ = {isa = PBXFileReference; fileEncoding = 4; lastKnownFileType = sourcecode.c.objc; path = XHSearchTextField.m; sourceTree = "<group>"; };
		385C558321846AB4000B4A00 /* XHSearchTextField.h */ = {isa = PBXFileReference; fileEncoding = 4; lastKnownFileType = sourcecode.c.h; path = XHSearchTextField.h; sourceTree = "<group>"; };
		385C558521846ABB000B4A00 /* XHNavigationSearchBar.m */ = {isa = PBXFileReference; fileEncoding = 4; lastKnownFileType = sourcecode.c.objc; path = XHNavigationSearchBar.m; sourceTree = "<group>"; };
		385C558621846ABB000B4A00 /* XHNavigationSearchBar.h */ = {isa = PBXFileReference; fileEncoding = 4; lastKnownFileType = sourcecode.c.h; path = XHNavigationSearchBar.h; sourceTree = "<group>"; };
		385C558821846C23000B4A00 /* TraceViewController.h */ = {isa = PBXFileReference; lastKnownFileType = sourcecode.c.h; path = TraceViewController.h; sourceTree = "<group>"; };
		385C558921846C23000B4A00 /* TraceViewController.m */ = {isa = PBXFileReference; lastKnownFileType = sourcecode.c.objc; path = TraceViewController.m; sourceTree = "<group>"; };
		385C558C21858DBB000B4A00 /* FenceRadiusSlider.h */ = {isa = PBXFileReference; lastKnownFileType = sourcecode.c.h; path = FenceRadiusSlider.h; sourceTree = "<group>"; };
		385C558D21858DBB000B4A00 /* FenceRadiusSlider.m */ = {isa = PBXFileReference; lastKnownFileType = sourcecode.c.objc; path = FenceRadiusSlider.m; sourceTree = "<group>"; };
		385C558F21858E04000B4A00 /* FenceRadiusLabel.h */ = {isa = PBXFileReference; lastKnownFileType = sourcecode.c.h; path = FenceRadiusLabel.h; sourceTree = "<group>"; };
		385C559021858E04000B4A00 /* FenceRadiusLabel.m */ = {isa = PBXFileReference; lastKnownFileType = sourcecode.c.objc; path = FenceRadiusLabel.m; sourceTree = "<group>"; };
		385C559321859E8D000B4A00 /* XHFence.h */ = {isa = PBXFileReference; lastKnownFileType = sourcecode.c.h; path = XHFence.h; sourceTree = "<group>"; };
		385C559421859E8D000B4A00 /* XHFence.m */ = {isa = PBXFileReference; lastKnownFileType = sourcecode.c.objc; path = XHFence.m; sourceTree = "<group>"; };
		385C5599218D9020000B4A00 /* XHLocation.h */ = {isa = PBXFileReference; lastKnownFileType = sourcecode.c.h; path = XHLocation.h; sourceTree = "<group>"; };
		385C559A218D9020000B4A00 /* XHLocation.m */ = {isa = PBXFileReference; lastKnownFileType = sourcecode.c.objc; path = XHLocation.m; sourceTree = "<group>"; };
		385C559D218D9A95000B4A00 /* DevicesViewController.h */ = {isa = PBXFileReference; lastKnownFileType = sourcecode.c.h; path = DevicesViewController.h; sourceTree = "<group>"; };
		385C559E218D9A95000B4A00 /* DevicesViewController.m */ = {isa = PBXFileReference; lastKnownFileType = sourcecode.c.objc; path = DevicesViewController.m; sourceTree = "<group>"; };
		385C55A0218D9CD0000B4A00 /* DeviceInfoViewController.h */ = {isa = PBXFileReference; lastKnownFileType = sourcecode.c.h; path = DeviceInfoViewController.h; sourceTree = "<group>"; };
		385C55A1218D9CD0000B4A00 /* DeviceInfoViewController.m */ = {isa = PBXFileReference; lastKnownFileType = sourcecode.c.objc; path = DeviceInfoViewController.m; sourceTree = "<group>"; };
		385C55A3218DA68B000B4A00 /* ModifyPasswordViewController.h */ = {isa = PBXFileReference; lastKnownFileType = sourcecode.c.h; path = ModifyPasswordViewController.h; sourceTree = "<group>"; };
		385C55A4218DA68B000B4A00 /* ModifyPasswordViewController.m */ = {isa = PBXFileReference; lastKnownFileType = sourcecode.c.objc; path = ModifyPasswordViewController.m; sourceTree = "<group>"; };
		5A5EA02D0F9606AB53E3E352 /* Pods-LaoRenJi.release.xcconfig */ = {isa = PBXFileReference; includeInIndex = 1; lastKnownFileType = text.xcconfig; name = "Pods-LaoRenJi.release.xcconfig"; path = "Pods/Target Support Files/Pods-LaoRenJi/Pods-LaoRenJi.release.xcconfig"; sourceTree = "<group>"; };
		73A3D4BB73DDFD25E392F70B /* Pods-LaoRenJi.debug.xcconfig */ = {isa = PBXFileReference; includeInIndex = 1; lastKnownFileType = text.xcconfig; name = "Pods-LaoRenJi.debug.xcconfig"; path = "Pods/Target Support Files/Pods-LaoRenJi/Pods-LaoRenJi.debug.xcconfig"; sourceTree = "<group>"; };
		A513503B2187002100D69E06 /* XHLiveEvent.mm */ = {isa = PBXFileReference; fileEncoding = 4; lastKnownFileType = sourcecode.cpp.objcpp; path = XHLiveEvent.mm; sourceTree = "<group>"; };
		A513503C2187002200D69E06 /* XHLiveEvent.h */ = {isa = PBXFileReference; fileEncoding = 4; lastKnownFileType = sourcecode.c.h; path = XHLiveEvent.h; sourceTree = "<group>"; };
		A513503D2187002200D69E06 /* XHLiveViewController.mm */ = {isa = PBXFileReference; fileEncoding = 4; lastKnownFileType = sourcecode.cpp.objcpp; path = XHLiveViewController.mm; sourceTree = "<group>"; };
		A513503E2187002200D69E06 /* XHLiveViewController.h */ = {isa = PBXFileReference; fileEncoding = 4; lastKnownFileType = sourcecode.c.h; path = XHLiveViewController.h; sourceTree = "<group>"; };
		A533B2932179A7FB00C790F9 /* XHDevice.h */ = {isa = PBXFileReference; lastKnownFileType = sourcecode.c.h; path = XHDevice.h; sourceTree = "<group>"; };
		A533B2942179A7FB00C790F9 /* XHDevice.m */ = {isa = PBXFileReference; lastKnownFileType = sourcecode.c.objc; path = XHDevice.m; sourceTree = "<group>"; };
		A533B29C2179BDCD00C790F9 /* XHGlobal.h */ = {isa = PBXFileReference; lastKnownFileType = sourcecode.c.h; path = XHGlobal.h; sourceTree = "<group>"; };
		A533B29D2179BDCD00C790F9 /* XHGlobal.m */ = {isa = PBXFileReference; lastKnownFileType = sourcecode.c.objc; path = XHGlobal.m; sourceTree = "<group>"; };
		A533B29F2179C0E400C790F9 /* UIViewController+HUD.h */ = {isa = PBXFileReference; lastKnownFileType = sourcecode.c.h; path = "UIViewController+HUD.h"; sourceTree = "<group>"; };
		A533B2A02179C0E400C790F9 /* UIViewController+HUD.m */ = {isa = PBXFileReference; lastKnownFileType = sourcecode.c.objc; path = "UIViewController+HUD.m"; sourceTree = "<group>"; };
		A533B2B2217D6FAE00C790F9 /* ChatViewController.h */ = {isa = PBXFileReference; lastKnownFileType = sourcecode.c.h; path = ChatViewController.h; sourceTree = "<group>"; };
		A533B2B3217D6FAE00C790F9 /* ChatViewController.m */ = {isa = PBXFileReference; lastKnownFileType = sourcecode.c.objc; path = ChatViewController.m; sourceTree = "<group>"; };
		A533B2B7217D862F00C790F9 /* if_rom.h */ = {isa = PBXFileReference; fileEncoding = 4; lastKnownFileType = sourcecode.c.h; path = if_rom.h; sourceTree = "<group>"; };
		A533B2B8217D862F00C790F9 /* dec_if.h */ = {isa = PBXFileReference; fileEncoding = 4; lastKnownFileType = sourcecode.c.h; path = dec_if.h; sourceTree = "<group>"; };
		A533B2B9217D862F00C790F9 /* AudioConverter.mm */ = {isa = PBXFileReference; fileEncoding = 4; lastKnownFileType = sourcecode.cpp.objcpp; path = AudioConverter.mm; sourceTree = "<group>"; };
		A533B2BB217D862F00C790F9 /* libopencore-amrwb.a */ = {isa = PBXFileReference; lastKnownFileType = archive.ar; path = "libopencore-amrwb.a"; sourceTree = "<group>"; };
		A533B2BC217D862F00C790F9 /* libopencore-amrnb.a */ = {isa = PBXFileReference; lastKnownFileType = archive.ar; path = "libopencore-amrnb.a"; sourceTree = "<group>"; };
		A533B2BE217D862F00C790F9 /* interf_dec.h */ = {isa = PBXFileReference; fileEncoding = 4; lastKnownFileType = sourcecode.c.h; path = interf_dec.h; sourceTree = "<group>"; };
		A533B2BF217D862F00C790F9 /* interf_enc.h */ = {isa = PBXFileReference; fileEncoding = 4; lastKnownFileType = sourcecode.c.h; path = interf_enc.h; sourceTree = "<group>"; };
		A533B2C1217D862F00C790F9 /* amrFileCodec.mm */ = {isa = PBXFileReference; fileEncoding = 4; lastKnownFileType = sourcecode.cpp.objcpp; path = amrFileCodec.mm; sourceTree = "<group>"; };
		A533B2C2217D862F00C790F9 /* amrFileCodec.h */ = {isa = PBXFileReference; fileEncoding = 4; lastKnownFileType = sourcecode.c.h; path = amrFileCodec.h; sourceTree = "<group>"; };
		A533B2C3217D862F00C790F9 /* AudioConverter.h */ = {isa = PBXFileReference; fileEncoding = 4; lastKnownFileType = sourcecode.c.h; path = AudioConverter.h; sourceTree = "<group>"; };
		A533B2C8217DA1A700C790F9 /* AudioMananger.h */ = {isa = PBXFileReference; lastKnownFileType = sourcecode.c.h; path = AudioMananger.h; sourceTree = "<group>"; };
		A533B2C9217DA1A700C790F9 /* AudioMananger.m */ = {isa = PBXFileReference; lastKnownFileType = sourcecode.c.objc; path = AudioMananger.m; sourceTree = "<group>"; };
		A5353AA1217825D200D8A6B9 /* XHUser.h */ = {isa = PBXFileReference; lastKnownFileType = sourcecode.c.h; path = XHUser.h; sourceTree = "<group>"; };
		A5353AA2217825D200D8A6B9 /* XHUser.m */ = {isa = PBXFileReference; lastKnownFileType = sourcecode.c.objc; path = XHUser.m; sourceTree = "<group>"; };
		A5D08CE021A4FEA8009C8B0F /* LaoRenJi.entitlements */ = {isa = PBXFileReference; lastKnownFileType = text.plist.entitlements; path = LaoRenJi.entitlements; sourceTree = "<group>"; };
		A5D08CE121A52819009C8B0F /* XHRemoteNotificationHelper.h */ = {isa = PBXFileReference; lastKnownFileType = sourcecode.c.h; path = XHRemoteNotificationHelper.h; sourceTree = "<group>"; };
		A5D08CE221A52819009C8B0F /* XHRemoteNotificationHelper.m */ = {isa = PBXFileReference; lastKnownFileType = sourcecode.c.objc; path = XHRemoteNotificationHelper.m; sourceTree = "<group>"; };
		A5E1F812216B30CD007F398E /* LaoRenJi.app */ = {isa = PBXFileReference; explicitFileType = wrapper.application; includeInIndex = 0; path = LaoRenJi.app; sourceTree = BUILT_PRODUCTS_DIR; };
		A5E1F815216B30CD007F398E /* AppDelegate.h */ = {isa = PBXFileReference; lastKnownFileType = sourcecode.c.h; path = AppDelegate.h; sourceTree = "<group>"; };
		A5E1F816216B30CD007F398E /* AppDelegate.m */ = {isa = PBXFileReference; lastKnownFileType = sourcecode.c.objc; path = AppDelegate.m; sourceTree = "<group>"; };
		A5E1F81E216B30D8007F398E /* Assets.xcassets */ = {isa = PBXFileReference; lastKnownFileType = folder.assetcatalog; path = Assets.xcassets; sourceTree = "<group>"; };
		A5E1F821216B30D8007F398E /* Base */ = {isa = PBXFileReference; lastKnownFileType = file.storyboard; name = Base; path = Base.lproj/LaunchScreen.storyboard; sourceTree = "<group>"; };
		A5E1F823216B30D8007F398E /* Info.plist */ = {isa = PBXFileReference; lastKnownFileType = text.plist.xml; path = Info.plist; sourceTree = "<group>"; };
		A5E1F824216B30D8007F398E /* main.m */ = {isa = PBXFileReference; lastKnownFileType = sourcecode.c.objc; path = main.m; sourceTree = "<group>"; };
		A5EFBB6D21B0CA9500302D5F /* DBManager+Chat.h */ = {isa = PBXFileReference; lastKnownFileType = sourcecode.c.h; path = "DBManager+Chat.h"; sourceTree = "<group>"; };
		A5EFBB6E21B0CA9500302D5F /* DBManager+Chat.m */ = {isa = PBXFileReference; lastKnownFileType = sourcecode.c.objc; path = "DBManager+Chat.m"; sourceTree = "<group>"; };
		EA4298DB4C4A4E59D63E661D /* libPods-LaoRenJi.a */ = {isa = PBXFileReference; explicitFileType = archive.ar; includeInIndex = 0; path = "libPods-LaoRenJi.a"; sourceTree = BUILT_PRODUCTS_DIR; };
/* End PBXFileReference section */

/* Begin PBXFrameworksBuildPhase section */
		A5E1F80F216B30CD007F398E /* Frameworks */ = {
			isa = PBXFrameworksBuildPhase;
			buildActionMask = 2147483647;
			files = (
				A533B2C5217D862F00C790F9 /* libopencore-amrwb.a in Frameworks */,
				A533B2C6217D863000C790F9 /* libopencore-amrnb.a in Frameworks */,
				F1506B918B40F8A332AECDA1 /* libPods-LaoRenJi.a in Frameworks */,
			);
			runOnlyForDeploymentPostprocessing = 0;
		};
/* End PBXFrameworksBuildPhase section */

/* Begin PBXGroup section */
		0E6C53BCF9D543CB1BDF3304 /* Frameworks */ = {
			isa = PBXGroup;
			children = (
				EA4298DB4C4A4E59D63E661D /* libPods-LaoRenJi.a */,
			);
			name = Frameworks;
			sourceTree = "<group>";
		};
		385C53B82171E966000B4A00 /* API */ = {
			isa = PBXGroup;
			children = (
				385C53C321730258000B4A00 /* XHAPIResult.h */,
				385C53C421730258000B4A00 /* XHAPIResult.m */,
				385C53BD2171EDA5000B4A00 /* XHAPI.h */,
				385C53BE2171EDA5000B4A00 /* XHAPI.m */,
				385C53C621730619000B4A00 /* XHAPI+API.h */,
				385C53C721730619000B4A00 /* XHAPI+API.m */,
			);
			path = API;
			sourceTree = "<group>";
		};
		385C53BA2171EC95000B4A00 /* Util */ = {
			isa = PBXGroup;
			children = (
				A533B2B5217D862F00C790F9 /* AudioConverter */,
				385C53CD21731637000B4A00 /* Extension */,
				385C53BC2171ED74000B4A00 /* PrefixHeader.pch */,
				385C53C021730197000B4A00 /* XHJSON.h */,
				385C53C121730197000B4A00 /* XHJSON.m */,
				385C53EF21733231000B4A00 /* XHKeyboardObserver.h */,
				385C53F021733231000B4A00 /* XHKeyboardObserver.m */,
				A533B29C2179BDCD00C790F9 /* XHGlobal.h */,
				A533B29D2179BDCD00C790F9 /* XHGlobal.m */,
			);
			path = Util;
			sourceTree = "<group>";
		};
		385C53CD21731637000B4A00 /* Extension */ = {
			isa = PBXGroup;
			children = (
				385C53D1217318C9000B4A00 /* UIView+Space.h */,
				385C53D2217318C9000B4A00 /* UIView+Space.m */,
				385C53CE2173167D000B4A00 /* UIViewController+ChildController.h */,
				385C53CF2173167D000B4A00 /* UIViewController+ChildController.m */,
				A533B29F2179C0E400C790F9 /* UIViewController+HUD.h */,
				A533B2A02179C0E400C790F9 /* UIViewController+HUD.m */,
				385C5415217AF771000B4A00 /* NSString+Valid.h */,
				385C5416217AF771000B4A00 /* NSString+Valid.m */,
			);
			path = Extension;
			sourceTree = "<group>";
		};
		385C53FC21776CD9000B4A00 /* Style */ = {
			isa = PBXGroup;
			children = (
				385C53FD21776CEF000B4A00 /* UIColor+Style.h */,
				385C53FE21776CEF000B4A00 /* UIColor+Style.m */,
			);
			path = Style;
			sourceTree = "<group>";
		};
		385C5411217AF5B3000B4A00 /* DB */ = {
			isa = PBXGroup;
			children = (
				385C5412217AF5C5000B4A00 /* DBManager.h */,
				385C5413217AF5C5000B4A00 /* DBManager.m */,
				A5EFBB6D21B0CA9500302D5F /* DBManager+Chat.h */,
				A5EFBB6E21B0CA9500302D5F /* DBManager+Chat.m */,
			);
			path = DB;
			sourceTree = "<group>";
		};
		385C548B217B40D5000B4A00 /* ViewController */ = {
			isa = PBXGroup;
			children = (
				385C5499217B40D5000B4A00 /* Navigation */,
				385C548D217B40D5000B4A00 /* Landing */,
				385C54EB217B4125000B4A00 /* Service */,
				385C548C217B40D5000B4A00 /* FHTRootContainer.h */,
				385C54A3217B40D5000B4A00 /* FHTRootContainer.m */,
			);
			path = ViewController;
			sourceTree = "<group>";
		};
		385C548D217B40D5000B4A00 /* Landing */ = {
			isa = PBXGroup;
			children = (
				385C5491217B40D5000B4A00 /* View */,
				385C5497217B40D5000B4A00 /* LoginViewController.h */,
				385C548E217B40D5000B4A00 /* LoginViewController.m */,
				385C5498217B40D5000B4A00 /* RegisterViewController.h */,
				385C5490217B40D5000B4A00 /* RegisterViewController.m */,
				385C5496217B40D5000B4A00 /* ResetPassworViewController.h */,
				385C548F217B40D5000B4A00 /* ResetPassworViewController.m */,
			);
			path = Landing;
			sourceTree = "<group>";
		};
		385C5491217B40D5000B4A00 /* View */ = {
			isa = PBXGroup;
			children = (
				385C5492217B40D5000B4A00 /* UITextField+Landing.h */,
				385C5494217B40D5000B4A00 /* UITextField+Landing.m */,
				385C5495217B40D5000B4A00 /* UIButton+Landing.h */,
				385C5493217B40D5000B4A00 /* UIButton+Landing.m */,
			);
			path = View;
			sourceTree = "<group>";
		};
		385C5499217B40D5000B4A00 /* Navigation */ = {
			isa = PBXGroup;
			children = (
				385C549D217B40D5000B4A00 /* View */,
				385C549A217B40D5000B4A00 /* XHNavigationController.h */,
				385C549C217B40D5000B4A00 /* XHNavigationController.m */,
				385C549B217B40D5000B4A00 /* XHNavigationBarController.m */,
				385C54A2217B40D5000B4A00 /* XHNavigationBarController.h */,
			);
			path = Navigation;
			sourceTree = "<group>";
		};
		385C549D217B40D5000B4A00 /* View */ = {
			isa = PBXGroup;
			children = (
				385C558621846ABB000B4A00 /* XHNavigationSearchBar.h */,
				385C558521846ABB000B4A00 /* XHNavigationSearchBar.m */,
				385C558321846AB4000B4A00 /* XHSearchTextField.h */,
				385C558221846AB4000B4A00 /* XHSearchTextField.m */,
				385C549E217B40D5000B4A00 /* XHNavigationBar.h */,
				385C54A0217B40D5000B4A00 /* XHNavigationBar.m */,
				385C549F217B40D5000B4A00 /* XHSafeNavigationBar.h */,
				385C54A1217B40D5000B4A00 /* XHSafeNavigationBar.m */,
			);
			path = View;
			sourceTree = "<group>";
		};
		385C54EB217B4125000B4A00 /* Service */ = {
			isa = PBXGroup;
			children = (
				385C5508217B4125000B4A00 /* Cell */,
				385C5510217B4125000B4A00 /* View */,
				385C54EE217B4125000B4A00 /* Controller */,
				385C54EC217B4125000B4A00 /* LeftViewController.h */,
				385C550F217B4125000B4A00 /* LeftViewController.m */,
				385C5517217B4125000B4A00 /* MainViewController.h */,
				385C54ED217B4125000B4A00 /* MainViewController.m */,
			);
			path = Service;
			sourceTree = "<group>";
		};
		385C54EE217B4125000B4A00 /* Controller */ = {
			isa = PBXGroup;
			children = (
				385C555D218449BC000B4A00 /* Profile */,
				385C555621844404000B4A00 /* History */,
				385C554C21834F3F000B4A00 /* Bind */,
				A533B2B1217D6F9A00C790F9 /* Chat */,
				385C54EF217B4125000B4A00 /* Live */,
				385C54F2217B4125000B4A00 /* Locus */,
				385C54F5217B4125000B4A00 /* Phone */,
				385C54F8217B4125000B4A00 /* Setting */,
			);
			path = Controller;
			sourceTree = "<group>";
		};
		385C54EF217B4125000B4A00 /* Live */ = {
			isa = PBXGroup;
			children = (
				385C54F0217B4125000B4A00 /* DeviceLiveSelectController.h */,
				385C54F1217B4125000B4A00 /* DeviceLiveSelectController.m */,
				A513503C2187002200D69E06 /* XHLiveEvent.h */,
				A513503B2187002100D69E06 /* XHLiveEvent.mm */,
				A513503E2187002200D69E06 /* XHLiveViewController.h */,
				A513503D2187002200D69E06 /* XHLiveViewController.mm */,
			);
			path = Live;
			sourceTree = "<group>";
		};
		385C54F2217B4125000B4A00 /* Locus */ = {
			isa = PBXGroup;
			children = (
				385C559221859E7D000B4A00 /* Model */,
				385C558B21858DA0000B4A00 /* View */,
				385C54F3217B4125000B4A00 /* LocusViewController.h */,
				385C54F4217B4125000B4A00 /* LocusViewController.m */,
				385C557921846230000B4A00 /* LocationViewController.h */,
				385C557A21846230000B4A00 /* LocationViewController.m */,
				385C557C21846649000B4A00 /* FenceViewController.h */,
				385C557D21846649000B4A00 /* FenceViewController.m */,
				385C557F21846997000B4A00 /* SerchPositionController.h */,
				385C558021846997000B4A00 /* SerchPositionController.m */,
				385C558821846C23000B4A00 /* TraceViewController.h */,
				385C558921846C23000B4A00 /* TraceViewController.m */,
			);
			path = Locus;
			sourceTree = "<group>";
		};
		385C54F5217B4125000B4A00 /* Phone */ = {
			isa = PBXGroup;
			children = (
				385C54F6217B4125000B4A00 /* DevicePhoneViewController.m */,
				385C54F7217B4125000B4A00 /* DevicePhoneViewController.h */,
			);
			path = Phone;
			sourceTree = "<group>";
		};
		385C54F8217B4125000B4A00 /* Setting */ = {
			isa = PBXGroup;
			children = (
				385C54FB217B4125000B4A00 /* Controller */,
				385C54F9217B4125000B4A00 /* DeviceSettingCell.h */,
				385C5507217B4125000B4A00 /* DeviceSettingCell.m */,
				385C5506217B4125000B4A00 /* DeviceSettingViewController.h */,
				385C54FA217B4125000B4A00 /* DeviceSettingViewController.m */,
			);
			path = Setting;
			sourceTree = "<group>";
		};
		385C54FB217B4125000B4A00 /* Controller */ = {
			isa = PBXGroup;
			children = (
				385C552D217B41A6000B4A00 /* About */,
				385C5529217B4189000B4A00 /* Alarm */,
				385C54FC217B4125000B4A00 /* Wifi */,
				385C54FF217B4125000B4A00 /* Contact */,
			);
			path = Controller;
			sourceTree = "<group>";
		};
		385C54FC217B4125000B4A00 /* Wifi */ = {
			isa = PBXGroup;
			children = (
				385C54FD217B4125000B4A00 /* WiFiViewController.h */,
				385C54FE217B4125000B4A00 /* WiFiViewController.m */,
			);
			path = Wifi;
			sourceTree = "<group>";
		};
		385C54FF217B4125000B4A00 /* Contact */ = {
			isa = PBXGroup;
			children = (
				385C5505217B4125000B4A00 /* ContactCell.h */,
				385C5502217B4125000B4A00 /* ContactCell.m */,
				385C5501217B4125000B4A00 /* ContactEditController.h */,
				385C5503217B4125000B4A00 /* ContactEditController.m */,
				385C5504217B4125000B4A00 /* ContactViewController.h */,
				385C5500217B4125000B4A00 /* ContactViewController.m */,
			);
			path = Contact;
			sourceTree = "<group>";
		};
		385C5508217B4125000B4A00 /* Cell */ = {
			isa = PBXGroup;
			children = (
				385C550C217B4125000B4A00 /* LeftViewCell.h */,
				385C5509217B4125000B4A00 /* LeftViewCell.m */,
				385C550D217B4125000B4A00 /* LeftViewBindCell.h */,
				385C550A217B4125000B4A00 /* LeftViewBindCell.m */,
				385C550E217B4125000B4A00 /* LeftViewDeviceCell.m */,
				385C550B217B4125000B4A00 /* LeftViewDeviceCell.h */,
			);
			path = Cell;
			sourceTree = "<group>";
		};
		385C5510217B4125000B4A00 /* View */ = {
			isa = PBXGroup;
			children = (
				385C5512217B4125000B4A00 /* LeftHeaderView.h */,
				385C5516217B4125000B4A00 /* LeftHeaderView.m */,
				385C5513217B4125000B4A00 /* ServiceTextFieldContainer.h */,
				385C5515217B4125000B4A00 /* ServiceTextFieldContainer.m */,
				385C5514217B4125000B4A00 /* DeviceLiveSelectButton.h */,
				385C5511217B4125000B4A00 /* DeviceLiveSelectButton.m */,
			);
			path = View;
			sourceTree = "<group>";
		};
		385C5529217B4189000B4A00 /* Alarm */ = {
			isa = PBXGroup;
			children = (
				385C5531217C349A000B4A00 /* AlarmCell.h */,
				385C5532217C349A000B4A00 /* AlarmCell.m */,
				385C553A217C4A5D000B4A00 /* AlarmTimeCell.h */,
				385C553B217C4A5D000B4A00 /* AlarmTimeCell.m */,
				385C553D217C543D000B4A00 /* AlarmButton.h */,
				385C553E217C543D000B4A00 /* AlarmButton.m */,
				385C5540217C6DD7000B4A00 /* AlarmPickerFlowLayout.h */,
				385C5541217C6DD7000B4A00 /* AlarmPickerFlowLayout.m */,
				385C5543217C72EC000B4A00 /* AlarmTextEditController.h */,
				385C5544217C72EC000B4A00 /* AlarmTextEditController.m */,
				385C5537217C480A000B4A00 /* AlarmEditController.h */,
				385C5538217C480A000B4A00 /* AlarmEditController.m */,
				385C5546217C7A71000B4A00 /* AlarmRepeatDayController.h */,
				385C5547217C7A71000B4A00 /* AlarmRepeatDayController.m */,
				385C552A217B419E000B4A00 /* AlarmViewController.h */,
				385C552B217B419E000B4A00 /* AlarmViewController.m */,
			);
			path = Alarm;
			sourceTree = "<group>";
		};
		385C552D217B41A6000B4A00 /* About */ = {
			isa = PBXGroup;
			children = (
				385C552E217B41AF000B4A00 /* AboutViewController.h */,
				385C552F217B41AF000B4A00 /* AboutViewController.m */,
			);
			path = About;
			sourceTree = "<group>";
		};
		385C554C21834F3F000B4A00 /* Bind */ = {
			isa = PBXGroup;
			children = (
				385C554D21834F5C000B4A00 /* QRScanningViewController.h */,
				385C554E21834F5C000B4A00 /* QRScanningViewController.m */,
				385C555021834F7E000B4A00 /* DeviceCodeInputViewController.h */,
				385C555121834F7E000B4A00 /* DeviceCodeInputViewController.m */,
			);
			path = Bind;
			sourceTree = "<group>";
		};
		385C555621844404000B4A00 /* History */ = {
			isa = PBXGroup;
			children = (
				385C555721844414000B4A00 /* HistoryViewController.h */,
				385C555821844414000B4A00 /* HistoryViewController.m */,
				385C555A21844431000B4A00 /* HistoryCell.h */,
				385C555B21844431000B4A00 /* HistoryCell.m */,
			);
			path = History;
			sourceTree = "<group>";
		};
		385C555D218449BC000B4A00 /* Profile */ = {
			isa = PBXGroup;
			children = (
				385C559C218D9A61000B4A00 /* Controller */,
				385C555E21844A22000B4A00 /* ProfileViewController.h */,
				385C555F21844A22000B4A00 /* ProfileViewController.m */,
				385C556121844A71000B4A00 /* ProfileCell.h */,
				385C556221844A71000B4A00 /* ProfileCell.m */,
				385C556421844C7B000B4A00 /* ProfileHeaderView.h */,
				385C556521844C7B000B4A00 /* ProfileHeaderView.m */,
			);
			path = Profile;
			sourceTree = "<group>";
		};
		385C556D218456A5000B4A00 /* View */ = {
			isa = PBXGroup;
			children = (
				385C556F218456A5000B4A00 /* ChatHUD.h */,
				385C556E218456A5000B4A00 /* ChatHUD.m */,
			);
			path = View;
			sourceTree = "<group>";
		};
		385C5571218456AC000B4A00 /* Cell */ = {
			isa = PBXGroup;
			children = (
				385C5572218456AC000B4A00 /* ChatCell.h */,
				385C5573218456AC000B4A00 /* ChatCell.m */,
			);
			path = Cell;
			sourceTree = "<group>";
		};
		385C5575218456CC000B4A00 /* Model */ = {
			isa = PBXGroup;
			children = (
				385C5576218456DC000B4A00 /* XHChat.h */,
				385C5577218456DC000B4A00 /* XHChat.m */,
			);
			path = Model;
			sourceTree = "<group>";
		};
		385C558B21858DA0000B4A00 /* View */ = {
			isa = PBXGroup;
			children = (
				385C558C21858DBB000B4A00 /* FenceRadiusSlider.h */,
				385C558D21858DBB000B4A00 /* FenceRadiusSlider.m */,
				385C558F21858E04000B4A00 /* FenceRadiusLabel.h */,
				385C559021858E04000B4A00 /* FenceRadiusLabel.m */,
			);
			path = View;
			sourceTree = "<group>";
		};
		385C559221859E7D000B4A00 /* Model */ = {
			isa = PBXGroup;
			children = (
				385C559321859E8D000B4A00 /* XHFence.h */,
				385C559421859E8D000B4A00 /* XHFence.m */,
				385C5599218D9020000B4A00 /* XHLocation.h */,
				385C559A218D9020000B4A00 /* XHLocation.m */,
			);
			path = Model;
			sourceTree = "<group>";
		};
		385C559C218D9A61000B4A00 /* Controller */ = {
			isa = PBXGroup;
			children = (
				385C559D218D9A95000B4A00 /* DevicesViewController.h */,
				385C559E218D9A95000B4A00 /* DevicesViewController.m */,
				385C55A0218D9CD0000B4A00 /* DeviceInfoViewController.h */,
				385C55A1218D9CD0000B4A00 /* DeviceInfoViewController.m */,
				385C55A3218DA68B000B4A00 /* ModifyPasswordViewController.h */,
				385C55A4218DA68B000B4A00 /* ModifyPasswordViewController.m */,
			);
			path = Controller;
			sourceTree = "<group>";
		};
		6919D69A537A4906DD19AB14 /* Pods */ = {
			isa = PBXGroup;
			children = (
				73A3D4BB73DDFD25E392F70B /* Pods-LaoRenJi.debug.xcconfig */,
				5A5EA02D0F9606AB53E3E352 /* Pods-LaoRenJi.release.xcconfig */,
			);
			name = Pods;
			sourceTree = "<group>";
		};
		A533B2922179A7E700C790F9 /* Model */ = {
			isa = PBXGroup;
			children = (
				A533B2932179A7FB00C790F9 /* XHDevice.h */,
				A533B2942179A7FB00C790F9 /* XHDevice.m */,
				385C5421217B16C9000B4A00 /* XHContact.h */,
				385C5422217B16C9000B4A00 /* XHContact.m */,
				385C5534217C381A000B4A00 /* XHAlarm.h */,
				385C5535217C381A000B4A00 /* XHAlarm.m */,
			);
			path = Model;
			sourceTree = "<group>";
		};
		A533B2B1217D6F9A00C790F9 /* Chat */ = {
			isa = PBXGroup;
			children = (
				385C5575218456CC000B4A00 /* Model */,
				385C5571218456AC000B4A00 /* Cell */,
				385C556D218456A5000B4A00 /* View */,
				A533B2C8217DA1A700C790F9 /* AudioMananger.h */,
				A533B2C9217DA1A700C790F9 /* AudioMananger.m */,
				A533B2B2217D6FAE00C790F9 /* ChatViewController.h */,
				A533B2B3217D6FAE00C790F9 /* ChatViewController.m */,
			);
			path = Chat;
			sourceTree = "<group>";
		};
		A533B2B5217D862F00C790F9 /* AudioConverter */ = {
			isa = PBXGroup;
			children = (
				A533B2C3217D862F00C790F9 /* AudioConverter.h */,
				A533B2B9217D862F00C790F9 /* AudioConverter.mm */,
				A533B2B6217D862F00C790F9 /* opencore-amrwb */,
				A533B2BA217D862F00C790F9 /* lib */,
				A533B2BD217D862F00C790F9 /* opencore-amrnb */,
				A533B2C0217D862F00C790F9 /* amrwapper */,
			);
			path = AudioConverter;
			sourceTree = "<group>";
		};
		A533B2B6217D862F00C790F9 /* opencore-amrwb */ = {
			isa = PBXGroup;
			children = (
				A533B2B7217D862F00C790F9 /* if_rom.h */,
				A533B2B8217D862F00C790F9 /* dec_if.h */,
			);
			path = "opencore-amrwb";
			sourceTree = "<group>";
		};
		A533B2BA217D862F00C790F9 /* lib */ = {
			isa = PBXGroup;
			children = (
				A533B2BB217D862F00C790F9 /* libopencore-amrwb.a */,
				A533B2BC217D862F00C790F9 /* libopencore-amrnb.a */,
			);
			path = lib;
			sourceTree = "<group>";
		};
		A533B2BD217D862F00C790F9 /* opencore-amrnb */ = {
			isa = PBXGroup;
			children = (
				A533B2BE217D862F00C790F9 /* interf_dec.h */,
				A533B2BF217D862F00C790F9 /* interf_enc.h */,
			);
			path = "opencore-amrnb";
			sourceTree = "<group>";
		};
		A533B2C0217D862F00C790F9 /* amrwapper */ = {
			isa = PBXGroup;
			children = (
				A533B2C1217D862F00C790F9 /* amrFileCodec.mm */,
				A533B2C2217D862F00C790F9 /* amrFileCodec.h */,
			);
			path = amrwapper;
			sourceTree = "<group>";
		};
		A5353AA0217825AA00D8A6B9 /* MemoryDB */ = {
			isa = PBXGroup;
			children = (
				A533B2922179A7E700C790F9 /* Model */,
				A5353AA1217825D200D8A6B9 /* XHUser.h */,
				A5353AA2217825D200D8A6B9 /* XHUser.m */,
				A5D08CE121A52819009C8B0F /* XHRemoteNotificationHelper.h */,
				A5D08CE221A52819009C8B0F /* XHRemoteNotificationHelper.m */,
			);
			path = MemoryDB;
			sourceTree = "<group>";
		};
		A5E1F809216B30CD007F398E = {
			isa = PBXGroup;
			children = (
				A5E1F814216B30CD007F398E /* LaoRenJi */,
				A5E1F813216B30CD007F398E /* Products */,
				6919D69A537A4906DD19AB14 /* Pods */,
				0E6C53BCF9D543CB1BDF3304 /* Frameworks */,
			);
			sourceTree = "<group>";
		};
		A5E1F813216B30CD007F398E /* Products */ = {
			isa = PBXGroup;
			children = (
				A5E1F812216B30CD007F398E /* LaoRenJi.app */,
			);
			name = Products;
			sourceTree = "<group>";
		};
		A5E1F814216B30CD007F398E /* LaoRenJi */ = {
			isa = PBXGroup;
			children = (
				A5D08CE021A4FEA8009C8B0F /* LaoRenJi.entitlements */,
				385C548B217B40D5000B4A00 /* ViewController */,
				385C5411217AF5B3000B4A00 /* DB */,
				A5353AA0217825AA00D8A6B9 /* MemoryDB */,
				385C53FC21776CD9000B4A00 /* Style */,
				385C53BA2171EC95000B4A00 /* Util */,
				385C53B82171E966000B4A00 /* API */,
				A5E1F815216B30CD007F398E /* AppDelegate.h */,
				A5E1F816216B30CD007F398E /* AppDelegate.m */,
				A5E1F81E216B30D8007F398E /* Assets.xcassets */,
				A5E1F820216B30D8007F398E /* LaunchScreen.storyboard */,
				A5E1F823216B30D8007F398E /* Info.plist */,
				A5E1F824216B30D8007F398E /* main.m */,
			);
			path = LaoRenJi;
			sourceTree = "<group>";
		};
/* End PBXGroup section */

/* Begin PBXNativeTarget section */
		A5E1F811216B30CD007F398E /* LaoRenJi */ = {
			isa = PBXNativeTarget;
			buildConfigurationList = A5E1F828216B30D8007F398E /* Build configuration list for PBXNativeTarget "LaoRenJi" */;
			buildPhases = (
				61E6E13D211FCD5FBB32FE3B /* [CP] Check Pods Manifest.lock */,
				A5E1F80E216B30CD007F398E /* Sources */,
				A5E1F80F216B30CD007F398E /* Frameworks */,
				A5E1F810216B30CD007F398E /* Resources */,
				48CA4F6487F64DEA606BA126 /* [CP] Embed Pods Frameworks */,
				CE042003A62BA54B2D4A7AA0 /* [CP] Copy Pods Resources */,
			);
			buildRules = (
			);
			dependencies = (
			);
			name = LaoRenJi;
			productName = LaoRenJi;
			productReference = A5E1F812216B30CD007F398E /* LaoRenJi.app */;
			productType = "com.apple.product-type.application";
		};
/* End PBXNativeTarget section */

/* Begin PBXProject section */
		A5E1F80A216B30CD007F398E /* Project object */ = {
			isa = PBXProject;
			attributes = {
				LastUpgradeCheck = 1000;
				ORGANIZATIONNAME = "西汉科技";
				TargetAttributes = {
					A5E1F811216B30CD007F398E = {
						CreatedOnToolsVersion = 10.0;
						SystemCapabilities = {
							com.apple.BackgroundModes = {
								enabled = 1;
							};
							com.apple.Push = {
								enabled = 1;
							};
						};
					};
				};
			};
			buildConfigurationList = A5E1F80D216B30CD007F398E /* Build configuration list for PBXProject "LaoRenJi" */;
			compatibilityVersion = "Xcode 9.3";
			developmentRegion = en;
			hasScannedForEncodings = 0;
			knownRegions = (
				en,
				Base,
			);
			mainGroup = A5E1F809216B30CD007F398E;
			productRefGroup = A5E1F813216B30CD007F398E /* Products */;
			projectDirPath = "";
			projectRoot = "";
			targets = (
				A5E1F811216B30CD007F398E /* LaoRenJi */,
			);
		};
/* End PBXProject section */

/* Begin PBXResourcesBuildPhase section */
		A5E1F810216B30CD007F398E /* Resources */ = {
			isa = PBXResourcesBuildPhase;
			buildActionMask = 2147483647;
			files = (
				A5E1F822216B30D8007F398E /* LaunchScreen.storyboard in Resources */,
				A5E1F81F216B30D8007F398E /* Assets.xcassets in Resources */,
			);
			runOnlyForDeploymentPostprocessing = 0;
		};
/* End PBXResourcesBuildPhase section */

/* Begin PBXShellScriptBuildPhase section */
		48CA4F6487F64DEA606BA126 /* [CP] Embed Pods Frameworks */ = {
			isa = PBXShellScriptBuildPhase;
			buildActionMask = 2147483647;
			files = (
			);
			inputPaths = (
				"${SRCROOT}/Pods/Target Support Files/Pods-LaoRenJi/Pods-LaoRenJi-frameworks.sh",
				"${PODS_ROOT}/PGDybLiveMulti/pgDybLiveMulti/pgDybLiveMulti.framework",
			);
			name = "[CP] Embed Pods Frameworks";
			outputPaths = (
				"${TARGET_BUILD_DIR}/${FRAMEWORKS_FOLDER_PATH}/pgDybLiveMulti.framework",
			);
			runOnlyForDeploymentPostprocessing = 0;
			shellPath = /bin/sh;
			shellScript = "\"${SRCROOT}/Pods/Target Support Files/Pods-LaoRenJi/Pods-LaoRenJi-frameworks.sh\"\n";
			showEnvVarsInLog = 0;
		};
		61E6E13D211FCD5FBB32FE3B /* [CP] Check Pods Manifest.lock */ = {
			isa = PBXShellScriptBuildPhase;
			buildActionMask = 2147483647;
			files = (
			);
			inputPaths = (
				"${PODS_PODFILE_DIR_PATH}/Podfile.lock",
				"${PODS_ROOT}/Manifest.lock",
			);
			name = "[CP] Check Pods Manifest.lock";
			outputPaths = (
				"$(DERIVED_FILE_DIR)/Pods-LaoRenJi-checkManifestLockResult.txt",
			);
			runOnlyForDeploymentPostprocessing = 0;
			shellPath = /bin/sh;
			shellScript = "diff \"${PODS_PODFILE_DIR_PATH}/Podfile.lock\" \"${PODS_ROOT}/Manifest.lock\" > /dev/null\nif [ $? != 0 ] ; then\n    # print error to STDERR\n    echo \"error: The sandbox is not in sync with the Podfile.lock. Run 'pod install' or update your CocoaPods installation.\" >&2\n    exit 1\nfi\n# This output is used by Xcode 'outputs' to avoid re-running this script phase.\necho \"SUCCESS\" > \"${SCRIPT_OUTPUT_FILE_0}\"\n";
			showEnvVarsInLog = 0;
		};
		CE042003A62BA54B2D4A7AA0 /* [CP] Copy Pods Resources */ = {
			isa = PBXShellScriptBuildPhase;
			buildActionMask = 2147483647;
			files = (
			);
			inputPaths = (
				"${SRCROOT}/Pods/Target Support Files/Pods-LaoRenJi/Pods-LaoRenJi-resources.sh",
				"${PODS_ROOT}/AMap3DMap/MAMapKit.framework/AMap.bundle",
			);
			name = "[CP] Copy Pods Resources";
			outputPaths = (
				"${TARGET_BUILD_DIR}/${UNLOCALIZED_RESOURCES_FOLDER_PATH}/AMap.bundle",
			);
			runOnlyForDeploymentPostprocessing = 0;
			shellPath = /bin/sh;
			shellScript = "\"${SRCROOT}/Pods/Target Support Files/Pods-LaoRenJi/Pods-LaoRenJi-resources.sh\"\n";
			showEnvVarsInLog = 0;
		};
/* End PBXShellScriptBuildPhase section */

/* Begin PBXSourcesBuildPhase section */
		A5E1F80E216B30CD007F398E /* Sources */ = {
			isa = PBXSourcesBuildPhase;
			buildActionMask = 2147483647;
			files = (
				A533B2A12179C0E400C790F9 /* UIViewController+HUD.m in Sources */,
				385C5533217C349A000B4A00 /* AlarmCell.m in Sources */,
				385C53BF2171EDA5000B4A00 /* XHAPI.m in Sources */,
				385C53C521730258000B4A00 /* XHAPIResult.m in Sources */,
				385C54D0217B40D5000B4A00 /* LoginViewController.m in Sources */,
				385C558A21846C23000B4A00 /* TraceViewController.m in Sources */,
				385C5521217B4125000B4A00 /* DeviceSettingCell.m in Sources */,
				385C558721846ABC000B4A00 /* XHNavigationSearchBar.m in Sources */,
				385C555221834F7E000B4A00 /* DeviceCodeInputViewController.m in Sources */,
				385C53D02173167D000B4A00 /* UIViewController+ChildController.m in Sources */,
				A5D08CE321A52819009C8B0F /* XHRemoteNotificationHelper.m in Sources */,
				385C5520217B4125000B4A00 /* ContactEditController.m in Sources */,
				385C53C221730197000B4A00 /* XHJSON.m in Sources */,
				385C54D4217B40D5000B4A00 /* UITextField+Landing.m in Sources */,
				385C53F121733231000B4A00 /* XHKeyboardObserver.m in Sources */,
				385C554F21834F5C000B4A00 /* QRScanningViewController.m in Sources */,
				A51350402187002200D69E06 /* XHLiveViewController.mm in Sources */,
				385C559121858E04000B4A00 /* FenceRadiusLabel.m in Sources */,
				A513503F2187002200D69E06 /* XHLiveEvent.mm in Sources */,
				A533B2952179A7FB00C790F9 /* XHDevice.m in Sources */,
				385C556621844C7B000B4A00 /* ProfileHeaderView.m in Sources */,
				385C5417217AF771000B4A00 /* NSString+Valid.m in Sources */,
				385C54D7217B40D5000B4A00 /* XHNavigationBar.m in Sources */,
				385C54D8217B40D5000B4A00 /* XHSafeNavigationBar.m in Sources */,
				385C5523217B4125000B4A00 /* LeftViewBindCell.m in Sources */,
				385C5536217C381B000B4A00 /* XHAlarm.m in Sources */,
				385C5578218456DC000B4A00 /* XHChat.m in Sources */,
				385C5574218456AC000B4A00 /* ChatCell.m in Sources */,
				385C551E217B4125000B4A00 /* ContactViewController.m in Sources */,
				385C5542217C6DD7000B4A00 /* AlarmPickerFlowLayout.m in Sources */,
				385C5539217C480B000B4A00 /* AlarmEditController.m in Sources */,
				385C5518217B4125000B4A00 /* MainViewController.m in Sources */,
				385C54D6217B40D5000B4A00 /* XHNavigationController.m in Sources */,
				385C54D9217B40D5000B4A00 /* FHTRootContainer.m in Sources */,
				385C54D2217B40D5000B4A00 /* RegisterViewController.m in Sources */,
				A5E1F825216B30D8007F398E /* main.m in Sources */,
				385C557E21846649000B4A00 /* FenceViewController.m in Sources */,
				385C551D217B4125000B4A00 /* WiFiViewController.m in Sources */,
				385C556321844A71000B4A00 /* ProfileCell.m in Sources */,
				385C5522217B4125000B4A00 /* LeftViewCell.m in Sources */,
				385C5570218456A5000B4A00 /* ChatHUD.m in Sources */,
				A533B2C4217D862F00C790F9 /* AudioConverter.mm in Sources */,
				A5353AA3217825D200D8A6B9 /* XHUser.m in Sources */,
				A533B2C7217D863000C790F9 /* amrFileCodec.mm in Sources */,
				385C555921844414000B4A00 /* HistoryViewController.m in Sources */,
				A533B29E2179BDCD00C790F9 /* XHGlobal.m in Sources */,
				385C551A217B4125000B4A00 /* LocusViewController.m in Sources */,
				A533B2B4217D6FAE00C790F9 /* ChatViewController.m in Sources */,
				385C53FF21776CEF000B4A00 /* UIColor+Style.m in Sources */,
				385C551C217B4125000B4A00 /* DeviceSettingViewController.m in Sources */,
				385C53D3217318C9000B4A00 /* UIView+Space.m in Sources */,
				385C555C21844431000B4A00 /* HistoryCell.m in Sources */,
				385C559521859E8D000B4A00 /* XHFence.m in Sources */,
				A5EFBB6F21B0CA9500302D5F /* DBManager+Chat.m in Sources */,
				385C553C217C4A5D000B4A00 /* AlarmTimeCell.m in Sources */,
				385C559F218D9A95000B4A00 /* DevicesViewController.m in Sources */,
				385C552C217B419E000B4A00 /* AlarmViewController.m in Sources */,
				385C5548217C7A71000B4A00 /* AlarmRepeatDayController.m in Sources */,
				385C5527217B4125000B4A00 /* ServiceTextFieldContainer.m in Sources */,
				385C5526217B4125000B4A00 /* DeviceLiveSelectButton.m in Sources */,
				385C557B21846230000B4A00 /* LocationViewController.m in Sources */,
				385C54D1217B40D5000B4A00 /* ResetPassworViewController.m in Sources */,
				385C54D5217B40D5000B4A00 /* XHNavigationBarController.m in Sources */,
				A533B2CA217DA1A700C790F9 /* AudioMananger.m in Sources */,
				385C54D3217B40D5000B4A00 /* UIButton+Landing.m in Sources */,
				385C556021844A22000B4A00 /* ProfileViewController.m in Sources */,
				385C5519217B4125000B4A00 /* DeviceLiveSelectController.m in Sources */,
				385C559B218D9020000B4A00 /* XHLocation.m in Sources */,
				385C551B217B4125000B4A00 /* DevicePhoneViewController.m in Sources */,
				385C553F217C543D000B4A00 /* AlarmButton.m in Sources */,
				385C5528217B4125000B4A00 /* LeftHeaderView.m in Sources */,
				385C53C821730619000B4A00 /* XHAPI+API.m in Sources */,
				385C5524217B4125000B4A00 /* LeftViewDeviceCell.m in Sources */,
				385C558421846AB4000B4A00 /* XHSearchTextField.m in Sources */,
				385C5545217C72EC000B4A00 /* AlarmTextEditController.m in Sources */,
				385C55A5218DA68B000B4A00 /* ModifyPasswordViewController.m in Sources */,
				385C5530217B41AF000B4A00 /* AboutViewController.m in Sources */,
				385C558E21858DBB000B4A00 /* FenceRadiusSlider.m in Sources */,
				A5E1F817216B30CD007F398E /* AppDelegate.m in Sources */,
				385C55A2218D9CD0000B4A00 /* DeviceInfoViewController.m in Sources */,
				385C558121846997000B4A00 /* SerchPositionController.m in Sources */,
				385C5525217B4125000B4A00 /* LeftViewController.m in Sources */,
				385C5423217B16CA000B4A00 /* XHContact.m in Sources */,
				385C551F217B4125000B4A00 /* ContactCell.m in Sources */,
				385C5414217AF5C5000B4A00 /* DBManager.m in Sources */,
			);
			runOnlyForDeploymentPostprocessing = 0;
		};
/* End PBXSourcesBuildPhase section */

/* Begin PBXVariantGroup section */
		A5E1F820216B30D8007F398E /* LaunchScreen.storyboard */ = {
			isa = PBXVariantGroup;
			children = (
				A5E1F821216B30D8007F398E /* Base */,
			);
			name = LaunchScreen.storyboard;
			sourceTree = "<group>";
		};
/* End PBXVariantGroup section */

/* Begin XCBuildConfiguration section */
		A5E1F826216B30D8007F398E /* Debug */ = {
			isa = XCBuildConfiguration;
			buildSettings = {
				ALWAYS_SEARCH_USER_PATHS = NO;
				CLANG_ANALYZER_NONNULL = YES;
				CLANG_ANALYZER_NUMBER_OBJECT_CONVERSION = YES_AGGRESSIVE;
				CLANG_CXX_LANGUAGE_STANDARD = "gnu++14";
				CLANG_CXX_LIBRARY = "libc++";
				CLANG_ENABLE_MODULES = YES;
				CLANG_ENABLE_OBJC_ARC = YES;
				CLANG_ENABLE_OBJC_WEAK = YES;
				CLANG_WARN_BLOCK_CAPTURE_AUTORELEASING = YES;
				CLANG_WARN_BOOL_CONVERSION = YES;
				CLANG_WARN_COMMA = YES;
				CLANG_WARN_CONSTANT_CONVERSION = YES;
				CLANG_WARN_DEPRECATED_OBJC_IMPLEMENTATIONS = YES;
				CLANG_WARN_DIRECT_OBJC_ISA_USAGE = YES_ERROR;
				CLANG_WARN_DOCUMENTATION_COMMENTS = YES;
				CLANG_WARN_EMPTY_BODY = YES;
				CLANG_WARN_ENUM_CONVERSION = YES;
				CLANG_WARN_INFINITE_RECURSION = YES;
				CLANG_WARN_INT_CONVERSION = YES;
				CLANG_WARN_NON_LITERAL_NULL_CONVERSION = YES;
				CLANG_WARN_OBJC_IMPLICIT_RETAIN_SELF = YES;
				CLANG_WARN_OBJC_LITERAL_CONVERSION = YES;
				CLANG_WARN_OBJC_ROOT_CLASS = YES_ERROR;
				CLANG_WARN_RANGE_LOOP_ANALYSIS = YES;
				CLANG_WARN_STRICT_PROTOTYPES = YES;
				CLANG_WARN_SUSPICIOUS_MOVE = YES;
				CLANG_WARN_UNGUARDED_AVAILABILITY = YES_AGGRESSIVE;
				CLANG_WARN_UNREACHABLE_CODE = YES;
				CLANG_WARN__DUPLICATE_METHOD_MATCH = YES;
				CODE_SIGN_IDENTITY = "iPhone Developer";
				COPY_PHASE_STRIP = NO;
				DEBUG_INFORMATION_FORMAT = dwarf;
				ENABLE_STRICT_OBJC_MSGSEND = YES;
				ENABLE_TESTABILITY = YES;
				GCC_C_LANGUAGE_STANDARD = gnu11;
				GCC_DYNAMIC_NO_PIC = NO;
				GCC_NO_COMMON_BLOCKS = YES;
				GCC_OPTIMIZATION_LEVEL = 0;
				GCC_PREPROCESSOR_DEFINITIONS = (
					"DEBUG=1",
					"$(inherited)",
				);
				GCC_WARN_64_TO_32_BIT_CONVERSION = YES;
				GCC_WARN_ABOUT_RETURN_TYPE = YES_ERROR;
				GCC_WARN_UNDECLARED_SELECTOR = YES;
				GCC_WARN_UNINITIALIZED_AUTOS = YES_AGGRESSIVE;
				GCC_WARN_UNUSED_FUNCTION = YES;
				GCC_WARN_UNUSED_VARIABLE = YES;
				IPHONEOS_DEPLOYMENT_TARGET = 9.0;
				MTL_ENABLE_DEBUG_INFO = INCLUDE_SOURCE;
				MTL_FAST_MATH = YES;
				ONLY_ACTIVE_ARCH = YES;
				SDKROOT = iphoneos;
			};
			name = Debug;
		};
		A5E1F827216B30D8007F398E /* Release */ = {
			isa = XCBuildConfiguration;
			buildSettings = {
				ALWAYS_SEARCH_USER_PATHS = NO;
				CLANG_ANALYZER_NONNULL = YES;
				CLANG_ANALYZER_NUMBER_OBJECT_CONVERSION = YES_AGGRESSIVE;
				CLANG_CXX_LANGUAGE_STANDARD = "gnu++14";
				CLANG_CXX_LIBRARY = "libc++";
				CLANG_ENABLE_MODULES = YES;
				CLANG_ENABLE_OBJC_ARC = YES;
				CLANG_ENABLE_OBJC_WEAK = YES;
				CLANG_WARN_BLOCK_CAPTURE_AUTORELEASING = YES;
				CLANG_WARN_BOOL_CONVERSION = YES;
				CLANG_WARN_COMMA = YES;
				CLANG_WARN_CONSTANT_CONVERSION = YES;
				CLANG_WARN_DEPRECATED_OBJC_IMPLEMENTATIONS = YES;
				CLANG_WARN_DIRECT_OBJC_ISA_USAGE = YES_ERROR;
				CLANG_WARN_DOCUMENTATION_COMMENTS = YES;
				CLANG_WARN_EMPTY_BODY = YES;
				CLANG_WARN_ENUM_CONVERSION = YES;
				CLANG_WARN_INFINITE_RECURSION = YES;
				CLANG_WARN_INT_CONVERSION = YES;
				CLANG_WARN_NON_LITERAL_NULL_CONVERSION = YES;
				CLANG_WARN_OBJC_IMPLICIT_RETAIN_SELF = YES;
				CLANG_WARN_OBJC_LITERAL_CONVERSION = YES;
				CLANG_WARN_OBJC_ROOT_CLASS = YES_ERROR;
				CLANG_WARN_RANGE_LOOP_ANALYSIS = YES;
				CLANG_WARN_STRICT_PROTOTYPES = YES;
				CLANG_WARN_SUSPICIOUS_MOVE = YES;
				CLANG_WARN_UNGUARDED_AVAILABILITY = YES_AGGRESSIVE;
				CLANG_WARN_UNREACHABLE_CODE = YES;
				CLANG_WARN__DUPLICATE_METHOD_MATCH = YES;
				CODE_SIGN_IDENTITY = "iPhone Developer";
				COPY_PHASE_STRIP = NO;
				DEBUG_INFORMATION_FORMAT = "dwarf-with-dsym";
				ENABLE_NS_ASSERTIONS = NO;
				ENABLE_STRICT_OBJC_MSGSEND = YES;
				GCC_C_LANGUAGE_STANDARD = gnu11;
				GCC_NO_COMMON_BLOCKS = YES;
				GCC_WARN_64_TO_32_BIT_CONVERSION = YES;
				GCC_WARN_ABOUT_RETURN_TYPE = YES_ERROR;
				GCC_WARN_UNDECLARED_SELECTOR = YES;
				GCC_WARN_UNINITIALIZED_AUTOS = YES_AGGRESSIVE;
				GCC_WARN_UNUSED_FUNCTION = YES;
				GCC_WARN_UNUSED_VARIABLE = YES;
				IPHONEOS_DEPLOYMENT_TARGET = 9.0;
				MTL_ENABLE_DEBUG_INFO = NO;
				MTL_FAST_MATH = YES;
				SDKROOT = iphoneos;
				VALIDATE_PRODUCT = YES;
			};
			name = Release;
		};
		A5E1F829216B30D8007F398E /* Debug */ = {
			isa = XCBuildConfiguration;
			baseConfigurationReference = 73A3D4BB73DDFD25E392F70B /* Pods-LaoRenJi.debug.xcconfig */;
			buildSettings = {
				ASSETCATALOG_COMPILER_APPICON_NAME = AppIcon;
				CODE_SIGN_ENTITLEMENTS = LaoRenJi/LaoRenJi.entitlements;
				CODE_SIGN_STYLE = Manual;
				DEVELOPMENT_TEAM = BBTJ56ZMNL;
				ENABLE_BITCODE = NO;
				GCC_PRECOMPILE_PREFIX_HEADER = YES;
				GCC_PREFIX_HEADER = "$(SRCROOT)/LaoRenJi/Util/PrefixHeader.pch";
				INFOPLIST_FILE = LaoRenJi/Info.plist;
				IPHONEOS_DEPLOYMENT_TARGET = 9.0;
				LD_RUNPATH_SEARCH_PATHS = (
					"$(inherited)",
					"@executable_path/Frameworks",
				);
				LIBRARY_SEARCH_PATHS = (
					"$(inherited)",
					"$(PROJECT_DIR)/LaoRenJi/Util/AudioConverter/lib",
				);
				PRODUCT_BUNDLE_IDENTIFIER = com.cqjpp.laorenji;
				PRODUCT_NAME = "$(TARGET_NAME)";
				PROVISIONING_PROFILE_SPECIFIER = laorenji_dev_profile;
				TARGETED_DEVICE_FAMILY = 1;
			};
			name = Debug;
		};
		A5E1F82A216B30D8007F398E /* Release */ = {
			isa = XCBuildConfiguration;
			baseConfigurationReference = 5A5EA02D0F9606AB53E3E352 /* Pods-LaoRenJi.release.xcconfig */;
			buildSettings = {
				ASSETCATALOG_COMPILER_APPICON_NAME = AppIcon;
				CODE_SIGN_ENTITLEMENTS = LaoRenJi/LaoRenJi.entitlements;
				CODE_SIGN_IDENTITY = "iPhone Distribution";
				CODE_SIGN_STYLE = Manual;
				DEVELOPMENT_TEAM = BBTJ56ZMNL;
				ENABLE_BITCODE = NO;
				GCC_PRECOMPILE_PREFIX_HEADER = YES;
				GCC_PREFIX_HEADER = "$(SRCROOT)/LaoRenJi/Util/PrefixHeader.pch";
				INFOPLIST_FILE = LaoRenJi/Info.plist;
				IPHONEOS_DEPLOYMENT_TARGET = 9.0;
				LD_RUNPATH_SEARCH_PATHS = (
					"$(inherited)",
					"@executable_path/Frameworks",
				);
				LIBRARY_SEARCH_PATHS = (
					"$(inherited)",
					"$(PROJECT_DIR)/LaoRenJi/Util/AudioConverter/lib",
				);
				PRODUCT_BUNDLE_IDENTIFIER = com.cqjpp.laorenji;
				PRODUCT_NAME = "$(TARGET_NAME)";
				PROVISIONING_PROFILE_SPECIFIER = laorenji;
				TARGETED_DEVICE_FAMILY = 1;
			};
			name = Release;
		};
/* End XCBuildConfiguration section */

/* Begin XCConfigurationList section */
		A5E1F80D216B30CD007F398E /* Build configuration list for PBXProject "LaoRenJi" */ = {
			isa = XCConfigurationList;
			buildConfigurations = (
				A5E1F826216B30D8007F398E /* Debug */,
				A5E1F827216B30D8007F398E /* Release */,
			);
			defaultConfigurationIsVisible = 0;
			defaultConfigurationName = Release;
		};
		A5E1F828216B30D8007F398E /* Build configuration list for PBXNativeTarget "LaoRenJi" */ = {
			isa = XCConfigurationList;
			buildConfigurations = (
				A5E1F829216B30D8007F398E /* Debug */,
				A5E1F82A216B30D8007F398E /* Release */,
			);
			defaultConfigurationIsVisible = 0;
			defaultConfigurationName = Release;
		};
/* End XCConfigurationList section */
	};
	rootObject = A5E1F80A216B30CD007F398E /* Project object */;
}
